// !$*UTF8*$!
{
	archiveVersion = 1;
	classes = {
	};
	objectVersion = 46;
	objects = {

/* Begin PBXBuildFile section */
		223884211C8252D900A96752 /* AppDelegate.swift in Sources */ = {isa = PBXBuildFile; fileRef = 223884201C8252D900A96752 /* AppDelegate.swift */; };
		223884231C8252D900A96752 /* ScholarsViewController.swift in Sources */ = {isa = PBXBuildFile; fileRef = 223884221C8252D900A96752 /* ScholarsViewController.swift */; };
		223884261C8252D900A96752 /* Main.storyboard in Resources */ = {isa = PBXBuildFile; fileRef = 223884241C8252D900A96752 /* Main.storyboard */; };
		223884281C8252D900A96752 /* Assets.xcassets in Resources */ = {isa = PBXBuildFile; fileRef = 223884271C8252D900A96752 /* Assets.xcassets */; };
		2238842B1C8252D900A96752 /* LaunchScreen.storyboard in Resources */ = {isa = PBXBuildFile; fileRef = 223884291C8252D900A96752 /* LaunchScreen.storyboard */; };
		223F5E931CB9436200E582C5 /* CustomColors.swift in Sources */ = {isa = PBXBuildFile; fileRef = 223F5E921CB9436200E582C5 /* CustomColors.swift */; };
		223F5E971CB95C3C00E582C5 /* ScholarsTabBarViewController.swift in Sources */ = {isa = PBXBuildFile; fileRef = 223F5E961CB95C3C00E582C5 /* ScholarsTabBarViewController.swift */; };
		223F5E9A1CB970EC00E582C5 /* AVFoundation.framework in Frameworks */ = {isa = PBXBuildFile; fileRef = 223F5E991CB970EC00E582C5 /* AVFoundation.framework */; };
		223F5E9B1CB9724000E582C5 /* tabBarDidSelectItem.m4a in Resources */ = {isa = PBXBuildFile; fileRef = 223F5E981CB9709600E582C5 /* tabBarDidSelectItem.m4a */; };
		22543B1F1CB70182003F9422 /* BlogViewController.swift in Sources */ = {isa = PBXBuildFile; fileRef = 22543B1E1CB70182003F9422 /* BlogViewController.swift */; };
		22543B211CB7019A003F9422 /* AlumniViewController.swift in Sources */ = {isa = PBXBuildFile; fileRef = 22543B201CB7019A003F9422 /* AlumniViewController.swift */; };
		22543B231CB701B3003F9422 /* CreditsViewController.swift in Sources */ = {isa = PBXBuildFile; fileRef = 22543B221CB701B3003F9422 /* CreditsViewController.swift */; };
/* End PBXBuildFile section */

/* Begin PBXFileReference section */
		2238841D1C8252D900A96752 /* WWDCScholars.app */ = {isa = PBXFileReference; explicitFileType = wrapper.application; includeInIndex = 0; path = WWDCScholars.app; sourceTree = BUILT_PRODUCTS_DIR; };
		223884201C8252D900A96752 /* AppDelegate.swift */ = {isa = PBXFileReference; lastKnownFileType = sourcecode.swift; path = AppDelegate.swift; sourceTree = "<group>"; };
		223884221C8252D900A96752 /* ScholarsViewController.swift */ = {isa = PBXFileReference; lastKnownFileType = sourcecode.swift; path = ScholarsViewController.swift; sourceTree = "<group>"; };
		223884251C8252D900A96752 /* Base */ = {isa = PBXFileReference; lastKnownFileType = file.storyboard; name = Base; path = Base.lproj/Main.storyboard; sourceTree = "<group>"; };
		223884271C8252D900A96752 /* Assets.xcassets */ = {isa = PBXFileReference; lastKnownFileType = folder.assetcatalog; path = Assets.xcassets; sourceTree = "<group>"; };
		2238842A1C8252D900A96752 /* Base */ = {isa = PBXFileReference; lastKnownFileType = file.storyboard; name = Base; path = Base.lproj/LaunchScreen.storyboard; sourceTree = "<group>"; };
		2238842C1C8252D900A96752 /* Info.plist */ = {isa = PBXFileReference; lastKnownFileType = text.plist.xml; path = Info.plist; sourceTree = "<group>"; };
		223F5E921CB9436200E582C5 /* CustomColors.swift */ = {isa = PBXFileReference; fileEncoding = 4; lastKnownFileType = sourcecode.swift; path = CustomColors.swift; sourceTree = "<group>"; };
		223F5E961CB95C3C00E582C5 /* ScholarsTabBarViewController.swift */ = {isa = PBXFileReference; fileEncoding = 4; lastKnownFileType = sourcecode.swift; path = ScholarsTabBarViewController.swift; sourceTree = "<group>"; };
		223F5E981CB9709600E582C5 /* tabBarDidSelectItem.m4a */ = {isa = PBXFileReference; lastKnownFileType = file; path = tabBarDidSelectItem.m4a; sourceTree = "<group>"; };
		223F5E991CB970EC00E582C5 /* AVFoundation.framework */ = {isa = PBXFileReference; lastKnownFileType = wrapper.framework; name = AVFoundation.framework; path = System/Library/Frameworks/AVFoundation.framework; sourceTree = SDKROOT; };
		22543B1E1CB70182003F9422 /* BlogViewController.swift */ = {isa = PBXFileReference; fileEncoding = 4; lastKnownFileType = sourcecode.swift; path = BlogViewController.swift; sourceTree = "<group>"; };
		22543B201CB7019A003F9422 /* AlumniViewController.swift */ = {isa = PBXFileReference; fileEncoding = 4; lastKnownFileType = sourcecode.swift; path = AlumniViewController.swift; sourceTree = "<group>"; };
		22543B221CB701B3003F9422 /* CreditsViewController.swift */ = {isa = PBXFileReference; fileEncoding = 4; lastKnownFileType = sourcecode.swift; path = CreditsViewController.swift; sourceTree = "<group>"; };
/* End PBXFileReference section */

/* Begin PBXFrameworksBuildPhase section */
		2238841A1C8252D900A96752 /* Frameworks */ = {
			isa = PBXFrameworksBuildPhase;
			buildActionMask = 2147483647;
			files = (
				223F5E9A1CB970EC00E582C5 /* AVFoundation.framework in Frameworks */,
			);
			runOnlyForDeploymentPostprocessing = 0;
		};
/* End PBXFrameworksBuildPhase section */

/* Begin PBXGroup section */
		223884141C8252D900A96752 = {
			isa = PBXGroup;
			children = (
				223F5E991CB970EC00E582C5 /* AVFoundation.framework */,
				2238841F1C8252D900A96752 /* WWDCScholars */,
				2238841E1C8252D900A96752 /* Products */,
			);
			sourceTree = "<group>";
		};
		2238841E1C8252D900A96752 /* Products */ = {
			isa = PBXGroup;
			children = (
				2238841D1C8252D900A96752 /* WWDCScholars.app */,
			);
			name = Products;
			sourceTree = "<group>";
		};
		2238841F1C8252D900A96752 /* WWDCScholars */ = {
			isa = PBXGroup;
			children = (
				223F5E8F1CB942B000E582C5 /* General */,
				223F5E8B1CB9429200E582C5 /* Scholars */,
				223F5E8C1CB9429B00E582C5 /* Blog */,
				223F5E8D1CB942A100E582C5 /* Alumni */,
				223F5E8E1CB942A700E582C5 /* Credits */,
			);
			path = WWDCScholars;
			sourceTree = "<group>";
		};
		223F5E8B1CB9429200E582C5 /* Scholars */ = {
			isa = PBXGroup;
			children = (
				223884221C8252D900A96752 /* ScholarsViewController.swift */,
			);
			name = Scholars;
			sourceTree = "<group>";
		};
		223F5E8C1CB9429B00E582C5 /* Blog */ = {
			isa = PBXGroup;
			children = (
				22543B1E1CB70182003F9422 /* BlogViewController.swift */,
			);
			name = Blog;
			sourceTree = "<group>";
		};
		223F5E8D1CB942A100E582C5 /* Alumni */ = {
			isa = PBXGroup;
			children = (
				22543B201CB7019A003F9422 /* AlumniViewController.swift */,
			);
			name = Alumni;
			sourceTree = "<group>";
		};
		223F5E8E1CB942A700E582C5 /* Credits */ = {
			isa = PBXGroup;
			children = (
				22543B221CB701B3003F9422 /* CreditsViewController.swift */,
			);
			name = Credits;
			sourceTree = "<group>";
		};
		223F5E8F1CB942B000E582C5 /* General */ = {
			isa = PBXGroup;
			children = (
				223884201C8252D900A96752 /* AppDelegate.swift */,
				223884241C8252D900A96752 /* Main.storyboard */,
				223884271C8252D900A96752 /* Assets.xcassets */,
				223884291C8252D900A96752 /* LaunchScreen.storyboard */,
				2238842C1C8252D900A96752 /* Info.plist */,
				223F5E921CB9436200E582C5 /* CustomColors.swift */,
				223F5E961CB95C3C00E582C5 /* ScholarsTabBarViewController.swift */,
				223F5E981CB9709600E582C5 /* tabBarDidSelectItem.m4a */,
			);
			name = General;
			sourceTree = "<group>";
		};
/* End PBXGroup section */

/* Begin PBXNativeTarget section */
		2238841C1C8252D900A96752 /* WWDCScholars */ = {
			isa = PBXNativeTarget;
			buildConfigurationList = 2238842F1C8252D900A96752 /* Build configuration list for PBXNativeTarget "WWDCScholars" */;
			buildPhases = (
				223884191C8252D900A96752 /* Sources */,
				2238841A1C8252D900A96752 /* Frameworks */,
				2238841B1C8252D900A96752 /* Resources */,
			);
			buildRules = (
			);
			dependencies = (
			);
			name = WWDCScholars;
			productName = WWDCScholars;
			productReference = 2238841D1C8252D900A96752 /* WWDCScholars.app */;
			productType = "com.apple.product-type.application";
		};
/* End PBXNativeTarget section */

/* Begin PBXProject section */
		223884151C8252D900A96752 /* Project object */ = {
			isa = PBXProject;
			attributes = {
				LastSwiftUpdateCheck = 0720;
				LastUpgradeCheck = 0720;
				ORGANIZATIONNAME = WWDCScholars;
				TargetAttributes = {
					2238841C1C8252D900A96752 = {
						CreatedOnToolsVersion = 7.2.1;
					};
				};
			};
			buildConfigurationList = 223884181C8252D900A96752 /* Build configuration list for PBXProject "WWDCScholars" */;
			compatibilityVersion = "Xcode 3.2";
			developmentRegion = English;
			hasScannedForEncodings = 0;
			knownRegions = (
				en,
				Base,
			);
			mainGroup = 223884141C8252D900A96752;
			productRefGroup = 2238841E1C8252D900A96752 /* Products */;
			projectDirPath = "";
			projectRoot = "";
			targets = (
				2238841C1C8252D900A96752 /* WWDCScholars */,
			);
		};
/* End PBXProject section */

/* Begin PBXResourcesBuildPhase section */
		2238841B1C8252D900A96752 /* Resources */ = {
			isa = PBXResourcesBuildPhase;
			buildActionMask = 2147483647;
			files = (
				2238842B1C8252D900A96752 /* LaunchScreen.storyboard in Resources */,
				223884281C8252D900A96752 /* Assets.xcassets in Resources */,
				223884261C8252D900A96752 /* Main.storyboard in Resources */,
				223F5E9B1CB9724000E582C5 /* tabBarDidSelectItem.m4a in Resources */,
			);
			runOnlyForDeploymentPostprocessing = 0;
		};
/* End PBXResourcesBuildPhase section */

/* Begin PBXSourcesBuildPhase section */
		223884191C8252D900A96752 /* Sources */ = {
			isa = PBXSourcesBuildPhase;
			buildActionMask = 2147483647;
			files = (
				223884231C8252D900A96752 /* ScholarsViewController.swift in Sources */,
				223884211C8252D900A96752 /* AppDelegate.swift in Sources */,
				22543B211CB7019A003F9422 /* AlumniViewController.swift in Sources */,
				223F5E971CB95C3C00E582C5 /* ScholarsTabBarViewController.swift in Sources */,
				22543B1F1CB70182003F9422 /* BlogViewController.swift in Sources */,
				223F5E931CB9436200E582C5 /* CustomColors.swift in Sources */,
				22543B231CB701B3003F9422 /* CreditsViewController.swift in Sources */,
			);
			runOnlyForDeploymentPostprocessing = 0;
		};
/* End PBXSourcesBuildPhase section */

/* Begin PBXVariantGroup section */
		223884241C8252D900A96752 /* Main.storyboard */ = {
			isa = PBXVariantGroup;
			children = (
				223884251C8252D900A96752 /* Base */,
			);
			name = Main.storyboard;
			sourceTree = "<group>";
		};
		223884291C8252D900A96752 /* LaunchScreen.storyboard */ = {
			isa = PBXVariantGroup;
			children = (
				2238842A1C8252D900A96752 /* Base */,
			);
			name = LaunchScreen.storyboard;
			sourceTree = "<group>";
		};
/* End PBXVariantGroup section */

/* Begin XCBuildConfiguration section */
		2238842D1C8252D900A96752 /* Debug */ = {
			isa = XCBuildConfiguration;
			buildSettings = {
				ALWAYS_SEARCH_USER_PATHS = NO;
				CLANG_CXX_LANGUAGE_STANDARD = "gnu++0x";
				CLANG_CXX_LIBRARY = "libc++";
				CLANG_ENABLE_MODULES = YES;
				CLANG_ENABLE_OBJC_ARC = YES;
				CLANG_WARN_BOOL_CONVERSION = YES;
				CLANG_WARN_CONSTANT_CONVERSION = YES;
				CLANG_WARN_DIRECT_OBJC_ISA_USAGE = YES_ERROR;
				CLANG_WARN_EMPTY_BODY = YES;
				CLANG_WARN_ENUM_CONVERSION = YES;
				CLANG_WARN_INT_CONVERSION = YES;
				CLANG_WARN_OBJC_ROOT_CLASS = YES_ERROR;
				CLANG_WARN_UNREACHABLE_CODE = YES;
				CLANG_WARN__DUPLICATE_METHOD_MATCH = YES;
				"CODE_SIGN_IDENTITY[sdk=iphoneos*]" = "iPhone Developer";
				COPY_PHASE_STRIP = NO;
				DEBUG_INFORMATION_FORMAT = dwarf;
				ENABLE_STRICT_OBJC_MSGSEND = YES;
				ENABLE_TESTABILITY = YES;
				GCC_C_LANGUAGE_STANDARD = gnu99;
				GCC_DYNAMIC_NO_PIC = NO;
				GCC_NO_COMMON_BLOCKS = YES;
				GCC_OPTIMIZATION_LEVEL = 0;
				GCC_PREPROCESSOR_DEFINITIONS = (
					"DEBUG=1",
					"$(inherited)",
				);
				GCC_WARN_64_TO_32_BIT_CONVERSION = YES;
				GCC_WARN_ABOUT_RETURN_TYPE = YES_ERROR;
				GCC_WARN_UNDECLARED_SELECTOR = YES;
				GCC_WARN_UNINITIALIZED_AUTOS = YES_AGGRESSIVE;
				GCC_WARN_UNUSED_FUNCTION = YES;
				GCC_WARN_UNUSED_VARIABLE = YES;
				IPHONEOS_DEPLOYMENT_TARGET = 9.2;
				MTL_ENABLE_DEBUG_INFO = YES;
				ONLY_ACTIVE_ARCH = YES;
				SDKROOT = iphoneos;
				SWIFT_OPTIMIZATION_LEVEL = "-Onone";
				TARGETED_DEVICE_FAMILY = "1,2";
			};
			name = Debug;
		};
		2238842E1C8252D900A96752 /* Release */ = {
			isa = XCBuildConfiguration;
			buildSettings = {
				ALWAYS_SEARCH_USER_PATHS = NO;
				CLANG_CXX_LANGUAGE_STANDARD = "gnu++0x";
				CLANG_CXX_LIBRARY = "libc++";
				CLANG_ENABLE_MODULES = YES;
				CLANG_ENABLE_OBJC_ARC = YES;
				CLANG_WARN_BOOL_CONVERSION = YES;
				CLANG_WARN_CONSTANT_CONVERSION = YES;
				CLANG_WARN_DIRECT_OBJC_ISA_USAGE = YES_ERROR;
				CLANG_WARN_EMPTY_BODY = YES;
				CLANG_WARN_ENUM_CONVERSION = YES;
				CLANG_WARN_INT_CONVERSION = YES;
				CLANG_WARN_OBJC_ROOT_CLASS = YES_ERROR;
				CLANG_WARN_UNREACHABLE_CODE = YES;
				CLANG_WARN__DUPLICATE_METHOD_MATCH = YES;
				"CODE_SIGN_IDENTITY[sdk=iphoneos*]" = "iPhone Developer";
				COPY_PHASE_STRIP = NO;
				DEBUG_INFORMATION_FORMAT = "dwarf-with-dsym";
				ENABLE_NS_ASSERTIONS = NO;
				ENABLE_STRICT_OBJC_MSGSEND = YES;
				GCC_C_LANGUAGE_STANDARD = gnu99;
				GCC_NO_COMMON_BLOCKS = YES;
				GCC_WARN_64_TO_32_BIT_CONVERSION = YES;
				GCC_WARN_ABOUT_RETURN_TYPE = YES_ERROR;
				GCC_WARN_UNDECLARED_SELECTOR = YES;
				GCC_WARN_UNINITIALIZED_AUTOS = YES_AGGRESSIVE;
				GCC_WARN_UNUSED_FUNCTION = YES;
				GCC_WARN_UNUSED_VARIABLE = YES;
				IPHONEOS_DEPLOYMENT_TARGET = 9.2;
				MTL_ENABLE_DEBUG_INFO = NO;
				SDKROOT = iphoneos;
				TARGETED_DEVICE_FAMILY = "1,2";
				VALIDATE_PRODUCT = YES;
			};
			name = Release;
		};
		223884301C8252D900A96752 /* Debug */ = {
			isa = XCBuildConfiguration;
			buildSettings = {
				ASSETCATALOG_COMPILER_APPICON_NAME = AppIcon;
				INFOPLIST_FILE = WWDCScholars/Info.plist;
				LD_RUNPATH_SEARCH_PATHS = "$(inherited) @executable_path/Frameworks";
				PRODUCT_BUNDLE_IDENTIFIER = "com.wwdcscholars.WWDC-Scholars-2015";
				PRODUCT_NAME = "$(TARGET_NAME)";
			};
			name = Debug;
		};
		223884311C8252D900A96752 /* Release */ = {
			isa = XCBuildConfiguration;
			buildSettings = {
				ASSETCATALOG_COMPILER_APPICON_NAME = AppIcon;
				INFOPLIST_FILE = WWDCScholars/Info.plist;
				LD_RUNPATH_SEARCH_PATHS = "$(inherited) @executable_path/Frameworks";
				PRODUCT_BUNDLE_IDENTIFIER = "com.wwdcscholars.WWDC-Scholars-2015";
				PRODUCT_NAME = "$(TARGET_NAME)";
			};
			name = Release;
		};
/* End XCBuildConfiguration section */

/* Begin XCConfigurationList section */
		223884181C8252D900A96752 /* Build configuration list for PBXProject "WWDCScholars" */ = {
			isa = XCConfigurationList;
			buildConfigurations = (
				2238842D1C8252D900A96752 /* Debug */,
				2238842E1C8252D900A96752 /* Release */,
			);
			defaultConfigurationIsVisible = 0;
			defaultConfigurationName = Release;
		};
		2238842F1C8252D900A96752 /* Build configuration list for PBXNativeTarget "WWDCScholars" */ = {
			isa = XCConfigurationList;
			buildConfigurations = (
				223884301C8252D900A96752 /* Debug */,
				223884311C8252D900A96752 /* Release */,
			);
			defaultConfigurationIsVisible = 0;
			defaultConfigurationName = Release;
		};
/* End XCConfigurationList section */
	};
	rootObject = 223884151C8252D900A96752 /* Project object */;
}
