// !$*UTF8*$!
{
	archiveVersion = 1;
	classes = {
	};
	objectVersion = 50;
	objects = {

/* Begin PBXBuildFile section */
		8E0592252673F83B005FEA18 /* ScholarSocialMedia+MockData.swift in Sources */ = {isa = PBXBuildFile; fileRef = 8E0592242673F83B005FEA18 /* ScholarSocialMedia+MockData.swift */; };
		8E1DA3BF26B2F17E008816DD /* CKAsset+image.swift in Sources */ = {isa = PBXBuildFile; fileRef = 8E1DA3BE26B2F17E008816DD /* CKAsset+image.swift */; };
		8E1DA3C126B2FDD8008816DD /* WWDCYear+MockData.swift in Sources */ = {isa = PBXBuildFile; fileRef = 8E1DA3C026B2FDD8008816DD /* WWDCYear+MockData.swift */; };
		8E1DA3C426B30B0C008816DD /* CLPlacemark+MockData.swift in Sources */ = {isa = PBXBuildFile; fileRef = 8E1DA3C326B30B0C008816DD /* CLPlacemark+MockData.swift */; };
		8E1F2F7D2680D8CB0035886A /* Colors.xcassets in Resources */ = {isa = PBXBuildFile; fileRef = 8E1F2F7C2680D8CB0035886A /* Colors.xcassets */; };
		8E2976E5261A203000747D4C /* AsyncImage.swift in Sources */ = {isa = PBXBuildFile; fileRef = 8E2976E4261A203000747D4C /* AsyncImage.swift */; };
		8E2976E9261A212E00747D4C /* ImagesService.swift in Sources */ = {isa = PBXBuildFile; fileRef = 8E2976E8261A212E00747D4C /* ImagesService.swift */; };
		8E2976EF261A26CC00747D4C /* ImagesFilesystemCacheRepository.swift in Sources */ = {isa = PBXBuildFile; fileRef = 8E2976EE261A26CC00747D4C /* ImagesFilesystemCacheRepository.swift */; };
		8E2976F3261A283200747D4C /* ImagesMemoryCacheRepository.swift in Sources */ = {isa = PBXBuildFile; fileRef = 8E2976F2261A283200747D4C /* ImagesMemoryCacheRepository.swift */; };
		8E2976FA261A28AD00747D4C /* ImagesCacheRepository.swift in Sources */ = {isa = PBXBuildFile; fileRef = 8E2976F9261A28AD00747D4C /* ImagesCacheRepository.swift */; };
		8E297702261A292700747D4C /* ImageCacheError.swift in Sources */ = {isa = PBXBuildFile; fileRef = 8E297701261A292700747D4C /* ImageCacheError.swift */; };
		8E297707261A29D400747D4C /* UIImage+estimatedSize.swift in Sources */ = {isa = PBXBuildFile; fileRef = 8E297706261A29D400747D4C /* UIImage+estimatedSize.swift */; };
		8E29770B261A310300747D4C /* ProfilePicture.swift in Sources */ = {isa = PBXBuildFile; fileRef = 8E29770A261A310300747D4C /* ProfilePicture.swift */; };
		8E499587266C10D6006A51E2 /* Colors.swift in Sources */ = {isa = PBXBuildFile; fileRef = 8E499586266C10D6006A51E2 /* Colors.swift */; };
		8E4AD37A26690C970017D02D /* ScholarProfileView.swift in Sources */ = {isa = PBXBuildFile; fileRef = 8E4AD37926690C970017D02D /* ScholarProfileView.swift */; };
		8E73344127EFC2C700733350 /* WWDCYearInfo.swift in Sources */ = {isa = PBXBuildFile; fileRef = 8E73344027EFC2C700733350 /* WWDCYearInfo.swift */; };
		8E73344427EFC83400733350 /* RandomAccessCollection+subscript-safe.swift in Sources */ = {isa = PBXBuildFile; fileRef = 8E73344327EFC83400733350 /* RandomAccessCollection+subscript-safe.swift */; };
		8E73344727EFCC9C00733350 /* ProfileSubmissionView.swift in Sources */ = {isa = PBXBuildFile; fileRef = 8E73344627EFCC9C00733350 /* ProfileSubmissionView.swift */; };
		8E73344927EFCCDA00733350 /* ProfileSubmissionViewModel.swift in Sources */ = {isa = PBXBuildFile; fileRef = 8E73344827EFCCDA00733350 /* ProfileSubmissionViewModel.swift */; };
		8E73344B27F0845D00733350 /* WWDCYearInfo+MockData.swift in Sources */ = {isa = PBXBuildFile; fileRef = 8E73344A27F0845D00733350 /* WWDCYearInfo+MockData.swift */; };
		8E73344F27F0BF7600733350 /* ProfileSubmissionsView.swift in Sources */ = {isa = PBXBuildFile; fileRef = 8E73344E27F0BF7600733350 /* ProfileSubmissionsView.swift */; };
		8E73345227F0C8CA00733350 /* ProfileSubmissionsViewModel.swift in Sources */ = {isa = PBXBuildFile; fileRef = 8E73345127F0C8CA00733350 /* ProfileSubmissionsViewModel.swift */; };
		8E73345527F0EE8500733350 /* ProfileSubmissionsYearPickerView.swift in Sources */ = {isa = PBXBuildFile; fileRef = 8E73345427F0EE8500733350 /* ProfileSubmissionsYearPickerView.swift */; };
		8E73345727F0EE9500733350 /* ProfileSubmissionsYearPickerViewModel.swift in Sources */ = {isa = PBXBuildFile; fileRef = 8E73345627F0EE9500733350 /* ProfileSubmissionsYearPickerViewModel.swift */; };
		8E73345927F0FD0100733350 /* Sequence+sorted.swift in Sources */ = {isa = PBXBuildFile; fileRef = 8E73345827F0FD0100733350 /* Sequence+sorted.swift */; };
		8E975214267391220027F3B1 /* ProfileMapView.swift in Sources */ = {isa = PBXBuildFile; fileRef = 8E975213267391220027F3B1 /* ProfileMapView.swift */; };
		8E9D1BCA267AAC7D00179226 /* RecordName.swift in Sources */ = {isa = PBXBuildFile; fileRef = 8E9D1BC9267AAC7D00179226 /* RecordName.swift */; };
		8E9D1BCC267AAD2E00179226 /* ScholarProfileViewModel.swift in Sources */ = {isa = PBXBuildFile; fileRef = 8E9D1BCB267AAD2E00179226 /* ScholarProfileViewModel.swift */; };
		8E9D1BCE267B985D00179226 /* GeocodingService.swift in Sources */ = {isa = PBXBuildFile; fileRef = 8E9D1BCD267B985D00179226 /* GeocodingService.swift */; };
		8E9D1BD1267B9A9200179226 /* CLGeocoder+Publisher.swift in Sources */ = {isa = PBXBuildFile; fileRef = 8E9D1BD0267B9A9200179226 /* CLGeocoder+Publisher.swift */; };
		8EA34DA62673F5E100A71CCD /* ProfileSocialsView.swift in Sources */ = {isa = PBXBuildFile; fileRef = 8EA34DA52673F5E100A71CCD /* ProfileSocialsView.swift */; };
		8EA34DA82673F66D00A71CCD /* ScholarSocialMedia.swift in Sources */ = {isa = PBXBuildFile; fileRef = 8EA34DA72673F66D00A71CCD /* ScholarSocialMedia.swift */; };
		8EA713822683BCBE00C9362C /* LoggingCategories.swift in Sources */ = {isa = PBXBuildFile; fileRef = 8EA713812683BCBE00C9362C /* LoggingCategories.swift */; };
		8EA713852683BF4100C9362C /* AboutView.swift in Sources */ = {isa = PBXBuildFile; fileRef = 8EA713842683BF4100C9362C /* AboutView.swift */; };
		8EA713872683C0AD00C9362C /* TeamMember.swift in Sources */ = {isa = PBXBuildFile; fileRef = 8EA713862683C0AD00C9362C /* TeamMember.swift */; };
		8EA713892683C29D00C9362C /* AboutViewModel.swift in Sources */ = {isa = PBXBuildFile; fileRef = 8EA713882683C29D00C9362C /* AboutViewModel.swift */; };
		8EA7138B2683C57900C9362C /* AboutService.swift in Sources */ = {isa = PBXBuildFile; fileRef = 8EA7138A2683C57900C9362C /* AboutService.swift */; };
		8EA7138D2683D7BF00C9362C /* FAQItem.swift in Sources */ = {isa = PBXBuildFile; fileRef = 8EA7138C2683D7BF00C9362C /* FAQItem.swift */; };
		8EA7138F2683DB4900C9362C /* AboutCloudKitRepository.swift in Sources */ = {isa = PBXBuildFile; fileRef = 8EA7138E2683DB4900C9362C /* AboutCloudKitRepository.swift */; };
		8EA713912683DDCC00C9362C /* AboutDatabaseRepository.swift in Sources */ = {isa = PBXBuildFile; fileRef = 8EA713902683DDCC00C9362C /* AboutDatabaseRepository.swift */; };
		8EA713962684D29200C9362C /* AboutTeamMembersView.swift in Sources */ = {isa = PBXBuildFile; fileRef = 8EA713952684D29200C9362C /* AboutTeamMembersView.swift */; };
		8EA713982684D2E800C9362C /* AboutFAQView.swift in Sources */ = {isa = PBXBuildFile; fileRef = 8EA713972684D2E800C9362C /* AboutFAQView.swift */; };
		8EA7139A2684D2FA00C9362C /* AboutTeamMembersViewModel.swift in Sources */ = {isa = PBXBuildFile; fileRef = 8EA713992684D2FA00C9362C /* AboutTeamMembersViewModel.swift */; };
		8EA7139C2684D30E00C9362C /* AboutFAQViewModel.swift in Sources */ = {isa = PBXBuildFile; fileRef = 8EA7139B2684D30E00C9362C /* AboutFAQViewModel.swift */; };
		8EA7139E2684E6E600C9362C /* TeamMember+MockData.swift in Sources */ = {isa = PBXBuildFile; fileRef = 8EA7139D2684E6E600C9362C /* TeamMember+MockData.swift */; };
		8EA713A02684E95700C9362C /* FAQItem+MockData.swift in Sources */ = {isa = PBXBuildFile; fileRef = 8EA7139F2684E95700C9362C /* FAQItem+MockData.swift */; };
		8EA9146E2610CA4E007BDB30 /* WWDCScholarsApp.swift in Sources */ = {isa = PBXBuildFile; fileRef = 8EA9146D2610CA4E007BDB30 /* WWDCScholarsApp.swift */; };
		8EA914702610CA4E007BDB30 /* ContentView.swift in Sources */ = {isa = PBXBuildFile; fileRef = 8EA9146F2610CA4E007BDB30 /* ContentView.swift */; };
		8EA914722610CA4E007BDB30 /* Assets.xcassets in Resources */ = {isa = PBXBuildFile; fileRef = 8EA914712610CA4E007BDB30 /* Assets.xcassets */; };
		8EA914752610CA4E007BDB30 /* Preview Assets.xcassets in Resources */ = {isa = PBXBuildFile; fileRef = 8EA914742610CA4E007BDB30 /* Preview Assets.xcassets */; };
		8EA914802610CA4E007BDB30 /* WWDCScholarsTests.swift in Sources */ = {isa = PBXBuildFile; fileRef = 8EA9147F2610CA4E007BDB30 /* WWDCScholarsTests.swift */; };
		8EA914B12610FA6C007BDB30 /* CloudKit.framework in Frameworks */ = {isa = PBXBuildFile; fileRef = 8EA914B02610FA6C007BDB30 /* CloudKit.framework */; };
		8EA914BC26110212007BDB30 /* Store.swift in Sources */ = {isa = PBXBuildFile; fileRef = 8EA914BB26110212007BDB30 /* Store.swift */; };
		8EA914C326110278007BDB30 /* Loadable.swift in Sources */ = {isa = PBXBuildFile; fileRef = 8EA914C226110278007BDB30 /* Loadable.swift */; };
		8EA914E526110386007BDB30 /* CancelBag.swift in Sources */ = {isa = PBXBuildFile; fileRef = 8EA914E426110386007BDB30 /* CancelBag.swift */; };
		8EA914EB261103C5007BDB30 /* AppState.swift in Sources */ = {isa = PBXBuildFile; fileRef = 8EA914E8261103C5007BDB30 /* AppState.swift */; };
		8EA914EC261103C5007BDB30 /* DependencyInjector.swift in Sources */ = {isa = PBXBuildFile; fileRef = 8EA914E9261103C5007BDB30 /* DependencyInjector.swift */; };
		8EA914ED261103C5007BDB30 /* ServicesContainer.swift in Sources */ = {isa = PBXBuildFile; fileRef = 8EA914EA261103C5007BDB30 /* ServicesContainer.swift */; };
		8EA914F526110505007BDB30 /* DeepLinkHandler.swift in Sources */ = {isa = PBXBuildFile; fileRef = 8EA914F226110505007BDB30 /* DeepLinkHandler.swift */; };
		8EA914F626110505007BDB30 /* AppEnvironment.swift in Sources */ = {isa = PBXBuildFile; fileRef = 8EA914F326110505007BDB30 /* AppEnvironment.swift */; };
		8EA914F726110505007BDB30 /* SystemEventsHandler.swift in Sources */ = {isa = PBXBuildFile; fileRef = 8EA914F426110505007BDB30 /* SystemEventsHandler.swift */; };
		8EA914FF26110661007BDB30 /* CKRecordConvertible.swift in Sources */ = {isa = PBXBuildFile; fileRef = 8EA914FD26110661007BDB30 /* CKRecordConvertible.swift */; };
		8EA9150026110661007BDB30 /* CloudKitRepository.swift in Sources */ = {isa = PBXBuildFile; fileRef = 8EA914FE26110661007BDB30 /* CloudKitRepository.swift */; };
		8EA91507261106AD007BDB30 /* CKQueryOperation+Publisher.swift in Sources */ = {isa = PBXBuildFile; fileRef = 8EA91505261106AD007BDB30 /* CKQueryOperation+Publisher.swift */; };
		8EA91508261106AD007BDB30 /* CKFetchRecordsOperation+Publisher.swift in Sources */ = {isa = PBXBuildFile; fileRef = 8EA91506261106AD007BDB30 /* CKFetchRecordsOperation+Publisher.swift */; };
		8EA9150F26110B0E007BDB30 /* YearsCloudKitRepository.swift in Sources */ = {isa = PBXBuildFile; fileRef = 8EA9150D26110B0E007BDB30 /* YearsCloudKitRepository.swift */; };
		8EA9151426110B2D007BDB30 /* WWDCYear.swift in Sources */ = {isa = PBXBuildFile; fileRef = 8EA9151326110B2D007BDB30 /* WWDCYear.swift */; };
		8EA9151B26110BF2007BDB30 /* YearsService.swift in Sources */ = {isa = PBXBuildFile; fileRef = 8EA9151A26110BF2007BDB30 /* YearsService.swift */; };
		8EA9151F26110BF9007BDB30 /* YearsDatabaseRepository.swift in Sources */ = {isa = PBXBuildFile; fileRef = 8EA9151E26110BF9007BDB30 /* YearsDatabaseRepository.swift */; };
		8EA9152326110C1A007BDB30 /* LazyList.swift in Sources */ = {isa = PBXBuildFile; fileRef = 8EA9152226110C1A007BDB30 /* LazyList.swift */; };
		8EA9152826110C47007BDB30 /* Just+withErrorType.swift in Sources */ = {isa = PBXBuildFile; fileRef = 8EA9152726110C47007BDB30 /* Just+withErrorType.swift */; };
		8EA9152E26110C7A007BDB30 /* Publisher+sinkToLoadable.swift in Sources */ = {isa = PBXBuildFile; fileRef = 8EA9152D26110C7A007BDB30 /* Publisher+sinkToLoadable.swift */; };
		8EA9153626110E24007BDB30 /* ScholarsViewModel.swift in Sources */ = {isa = PBXBuildFile; fileRef = 8EA9153426110E24007BDB30 /* ScholarsViewModel.swift */; };
		8EA9153726110E24007BDB30 /* ScholarsView.swift in Sources */ = {isa = PBXBuildFile; fileRef = 8EA9153526110E24007BDB30 /* ScholarsView.swift */; };
		8EA9153C26110E2B007BDB30 /* YearPickerView.swift in Sources */ = {isa = PBXBuildFile; fileRef = 8EA9153A26110E2B007BDB30 /* YearPickerView.swift */; };
		8EA9153D26110E2B007BDB30 /* YearPickerViewModel.swift in Sources */ = {isa = PBXBuildFile; fileRef = 8EA9153B26110E2B007BDB30 /* YearPickerViewModel.swift */; };
		8EA9154126110E40007BDB30 /* CapsulePicker.swift in Sources */ = {isa = PBXBuildFile; fileRef = 8EA9154026110E40007BDB30 /* CapsulePicker.swift */; };
		8EA9154526110E62007BDB30 /* ActivityIndicatorView.swift in Sources */ = {isa = PBXBuildFile; fileRef = 8EA9154426110E62007BDB30 /* ActivityIndicatorView.swift */; };
		8EA9154926110E98007BDB30 /* ErrorView.swift in Sources */ = {isa = PBXBuildFile; fileRef = 8EA9154826110E98007BDB30 /* ErrorView.swift */; };
		8EA9154F2611107D007BDB30 /* ScholarsListView.swift in Sources */ = {isa = PBXBuildFile; fileRef = 8EA9154D2611107D007BDB30 /* ScholarsListView.swift */; };
		8EA915502611107D007BDB30 /* ScholarsListViewModel.swift in Sources */ = {isa = PBXBuildFile; fileRef = 8EA9154E2611107D007BDB30 /* ScholarsListViewModel.swift */; };
		8EA91554261110AC007BDB30 /* Scholar.swift in Sources */ = {isa = PBXBuildFile; fileRef = 8EA91553261110AC007BDB30 /* Scholar.swift */; };
		8EA91559261110CA007BDB30 /* Scholar+MockData.swift in Sources */ = {isa = PBXBuildFile; fileRef = 8EA91558261110CA007BDB30 /* Scholar+MockData.swift */; };
		8EA9155D261110E1007BDB30 /* ScholarCell.swift in Sources */ = {isa = PBXBuildFile; fileRef = 8EA9155C261110E1007BDB30 /* ScholarCell.swift */; };
		8EA915662611114A007BDB30 /* ScholarsService.swift in Sources */ = {isa = PBXBuildFile; fileRef = 8EA915652611114A007BDB30 /* ScholarsService.swift */; };
		8EA9156B26111158007BDB30 /* ScholarsCloudKitRepository.swift in Sources */ = {isa = PBXBuildFile; fileRef = 8EA9156926111158007BDB30 /* ScholarsCloudKitRepository.swift */; };
		8EA9156C26111158007BDB30 /* ScholarsDatabaseRepository.swift in Sources */ = {isa = PBXBuildFile; fileRef = 8EA9156A26111158007BDB30 /* ScholarsDatabaseRepository.swift */; };
		8EA915722611144C007BDB30 /* NavigationBarColor.swift in Sources */ = {isa = PBXBuildFile; fileRef = 8EA915702611144C007BDB30 /* NavigationBarColor.swift */; };
		8EA915732611144C007BDB30 /* StatusBarStyleView.swift in Sources */ = {isa = PBXBuildFile; fileRef = 8EA915712611144C007BDB30 /* StatusBarStyleView.swift */; };
		8EED5DEF267E8554008DDF11 /* ProfileSocialsViewModel.swift in Sources */ = {isa = PBXBuildFile; fileRef = 8EED5DEE267E8554008DDF11 /* ProfileSocialsViewModel.swift */; };
		8EED5DF5267E8E39008DDF11 /* Logger+subsystem.swift in Sources */ = {isa = PBXBuildFile; fileRef = 8EED5DF4267E8E39008DDF11 /* Logger+subsystem.swift */; };
		8EED5DF7267E8E4A008DDF11 /* Logger+InitCategory.swift in Sources */ = {isa = PBXBuildFile; fileRef = 8EED5DF6267E8E4A008DDF11 /* Logger+InitCategory.swift */; };
/* End PBXBuildFile section */

/* Begin PBXContainerItemProxy section */
		8EA9147C2610CA4E007BDB30 /* PBXContainerItemProxy */ = {
			isa = PBXContainerItemProxy;
			containerPortal = 8EA914622610CA4E007BDB30 /* Project object */;
			proxyType = 1;
			remoteGlobalIDString = 8EA914692610CA4E007BDB30;
			remoteInfo = WWDCScholars;
		};
/* End PBXContainerItemProxy section */

/* Begin PBXFileReference section */
		8E0592242673F83B005FEA18 /* ScholarSocialMedia+MockData.swift */ = {isa = PBXFileReference; lastKnownFileType = sourcecode.swift; path = "ScholarSocialMedia+MockData.swift"; sourceTree = "<group>"; };
		8E1DA3BE26B2F17E008816DD /* CKAsset+image.swift */ = {isa = PBXFileReference; lastKnownFileType = sourcecode.swift; path = "CKAsset+image.swift"; sourceTree = "<group>"; };
		8E1DA3C026B2FDD8008816DD /* WWDCYear+MockData.swift */ = {isa = PBXFileReference; lastKnownFileType = sourcecode.swift; path = "WWDCYear+MockData.swift"; sourceTree = "<group>"; };
		8E1DA3C326B30B0C008816DD /* CLPlacemark+MockData.swift */ = {isa = PBXFileReference; lastKnownFileType = sourcecode.swift; path = "CLPlacemark+MockData.swift"; sourceTree = "<group>"; };
		8E1F2F7C2680D8CB0035886A /* Colors.xcassets */ = {isa = PBXFileReference; lastKnownFileType = folder.assetcatalog; path = Colors.xcassets; sourceTree = "<group>"; };
		8E2976E4261A203000747D4C /* AsyncImage.swift */ = {isa = PBXFileReference; lastKnownFileType = sourcecode.swift; path = AsyncImage.swift; sourceTree = "<group>"; };
		8E2976E8261A212E00747D4C /* ImagesService.swift */ = {isa = PBXFileReference; lastKnownFileType = sourcecode.swift; path = ImagesService.swift; sourceTree = "<group>"; };
		8E2976EE261A26CC00747D4C /* ImagesFilesystemCacheRepository.swift */ = {isa = PBXFileReference; lastKnownFileType = sourcecode.swift; path = ImagesFilesystemCacheRepository.swift; sourceTree = "<group>"; };
		8E2976F2261A283200747D4C /* ImagesMemoryCacheRepository.swift */ = {isa = PBXFileReference; lastKnownFileType = sourcecode.swift; path = ImagesMemoryCacheRepository.swift; sourceTree = "<group>"; };
		8E2976F9261A28AD00747D4C /* ImagesCacheRepository.swift */ = {isa = PBXFileReference; lastKnownFileType = sourcecode.swift; path = ImagesCacheRepository.swift; sourceTree = "<group>"; };
		8E297701261A292700747D4C /* ImageCacheError.swift */ = {isa = PBXFileReference; lastKnownFileType = sourcecode.swift; path = ImageCacheError.swift; sourceTree = "<group>"; };
		8E297706261A29D400747D4C /* UIImage+estimatedSize.swift */ = {isa = PBXFileReference; lastKnownFileType = sourcecode.swift; path = "UIImage+estimatedSize.swift"; sourceTree = "<group>"; };
		8E29770A261A310300747D4C /* ProfilePicture.swift */ = {isa = PBXFileReference; lastKnownFileType = sourcecode.swift; path = ProfilePicture.swift; sourceTree = "<group>"; };
		8E499586266C10D6006A51E2 /* Colors.swift */ = {isa = PBXFileReference; lastKnownFileType = sourcecode.swift; path = Colors.swift; sourceTree = "<group>"; };
		8E4AD37926690C970017D02D /* ScholarProfileView.swift */ = {isa = PBXFileReference; lastKnownFileType = sourcecode.swift; path = ScholarProfileView.swift; sourceTree = "<group>"; };
		8E73344027EFC2C700733350 /* WWDCYearInfo.swift */ = {isa = PBXFileReference; lastKnownFileType = sourcecode.swift; path = WWDCYearInfo.swift; sourceTree = "<group>"; };
		8E73344327EFC83400733350 /* RandomAccessCollection+subscript-safe.swift */ = {isa = PBXFileReference; lastKnownFileType = sourcecode.swift; path = "RandomAccessCollection+subscript-safe.swift"; sourceTree = "<group>"; };
		8E73344627EFCC9C00733350 /* ProfileSubmissionView.swift */ = {isa = PBXFileReference; lastKnownFileType = sourcecode.swift; path = ProfileSubmissionView.swift; sourceTree = "<group>"; };
		8E73344827EFCCDA00733350 /* ProfileSubmissionViewModel.swift */ = {isa = PBXFileReference; lastKnownFileType = sourcecode.swift; path = ProfileSubmissionViewModel.swift; sourceTree = "<group>"; };
		8E73344A27F0845D00733350 /* WWDCYearInfo+MockData.swift */ = {isa = PBXFileReference; lastKnownFileType = sourcecode.swift; path = "WWDCYearInfo+MockData.swift"; sourceTree = "<group>"; };
		8E73344E27F0BF7600733350 /* ProfileSubmissionsView.swift */ = {isa = PBXFileReference; lastKnownFileType = sourcecode.swift; path = ProfileSubmissionsView.swift; sourceTree = "<group>"; };
		8E73345127F0C8CA00733350 /* ProfileSubmissionsViewModel.swift */ = {isa = PBXFileReference; lastKnownFileType = sourcecode.swift; path = ProfileSubmissionsViewModel.swift; sourceTree = "<group>"; };
		8E73345427F0EE8500733350 /* ProfileSubmissionsYearPickerView.swift */ = {isa = PBXFileReference; lastKnownFileType = sourcecode.swift; path = ProfileSubmissionsYearPickerView.swift; sourceTree = "<group>"; };
		8E73345627F0EE9500733350 /* ProfileSubmissionsYearPickerViewModel.swift */ = {isa = PBXFileReference; lastKnownFileType = sourcecode.swift; path = ProfileSubmissionsYearPickerViewModel.swift; sourceTree = "<group>"; };
		8E73345827F0FD0100733350 /* Sequence+sorted.swift */ = {isa = PBXFileReference; lastKnownFileType = sourcecode.swift; path = "Sequence+sorted.swift"; sourceTree = "<group>"; };
		8E975213267391220027F3B1 /* ProfileMapView.swift */ = {isa = PBXFileReference; lastKnownFileType = sourcecode.swift; path = ProfileMapView.swift; sourceTree = "<group>"; };
		8E9D1BC9267AAC7D00179226 /* RecordName.swift */ = {isa = PBXFileReference; lastKnownFileType = sourcecode.swift; path = RecordName.swift; sourceTree = "<group>"; };
		8E9D1BCB267AAD2E00179226 /* ScholarProfileViewModel.swift */ = {isa = PBXFileReference; lastKnownFileType = sourcecode.swift; path = ScholarProfileViewModel.swift; sourceTree = "<group>"; };
		8E9D1BCD267B985D00179226 /* GeocodingService.swift */ = {isa = PBXFileReference; lastKnownFileType = sourcecode.swift; path = GeocodingService.swift; sourceTree = "<group>"; };
		8E9D1BD0267B9A9200179226 /* CLGeocoder+Publisher.swift */ = {isa = PBXFileReference; lastKnownFileType = sourcecode.swift; path = "CLGeocoder+Publisher.swift"; sourceTree = "<group>"; };
		8EA34DA52673F5E100A71CCD /* ProfileSocialsView.swift */ = {isa = PBXFileReference; lastKnownFileType = sourcecode.swift; path = ProfileSocialsView.swift; sourceTree = "<group>"; };
		8EA34DA72673F66D00A71CCD /* ScholarSocialMedia.swift */ = {isa = PBXFileReference; lastKnownFileType = sourcecode.swift; path = ScholarSocialMedia.swift; sourceTree = "<group>"; };
		8EA713812683BCBE00C9362C /* LoggingCategories.swift */ = {isa = PBXFileReference; lastKnownFileType = sourcecode.swift; path = LoggingCategories.swift; sourceTree = "<group>"; };
		8EA713842683BF4100C9362C /* AboutView.swift */ = {isa = PBXFileReference; lastKnownFileType = sourcecode.swift; path = AboutView.swift; sourceTree = "<group>"; };
		8EA713862683C0AD00C9362C /* TeamMember.swift */ = {isa = PBXFileReference; lastKnownFileType = sourcecode.swift; path = TeamMember.swift; sourceTree = "<group>"; };
		8EA713882683C29D00C9362C /* AboutViewModel.swift */ = {isa = PBXFileReference; lastKnownFileType = sourcecode.swift; path = AboutViewModel.swift; sourceTree = "<group>"; };
		8EA7138A2683C57900C9362C /* AboutService.swift */ = {isa = PBXFileReference; lastKnownFileType = sourcecode.swift; path = AboutService.swift; sourceTree = "<group>"; };
		8EA7138C2683D7BF00C9362C /* FAQItem.swift */ = {isa = PBXFileReference; lastKnownFileType = sourcecode.swift; path = FAQItem.swift; sourceTree = "<group>"; };
		8EA7138E2683DB4900C9362C /* AboutCloudKitRepository.swift */ = {isa = PBXFileReference; lastKnownFileType = sourcecode.swift; path = AboutCloudKitRepository.swift; sourceTree = "<group>"; };
		8EA713902683DDCC00C9362C /* AboutDatabaseRepository.swift */ = {isa = PBXFileReference; lastKnownFileType = sourcecode.swift; path = AboutDatabaseRepository.swift; sourceTree = "<group>"; };
		8EA713952684D29200C9362C /* AboutTeamMembersView.swift */ = {isa = PBXFileReference; lastKnownFileType = sourcecode.swift; path = AboutTeamMembersView.swift; sourceTree = "<group>"; };
		8EA713972684D2E800C9362C /* AboutFAQView.swift */ = {isa = PBXFileReference; lastKnownFileType = sourcecode.swift; path = AboutFAQView.swift; sourceTree = "<group>"; };
		8EA713992684D2FA00C9362C /* AboutTeamMembersViewModel.swift */ = {isa = PBXFileReference; lastKnownFileType = sourcecode.swift; path = AboutTeamMembersViewModel.swift; sourceTree = "<group>"; };
		8EA7139B2684D30E00C9362C /* AboutFAQViewModel.swift */ = {isa = PBXFileReference; lastKnownFileType = sourcecode.swift; path = AboutFAQViewModel.swift; sourceTree = "<group>"; };
		8EA7139D2684E6E600C9362C /* TeamMember+MockData.swift */ = {isa = PBXFileReference; lastKnownFileType = sourcecode.swift; path = "TeamMember+MockData.swift"; sourceTree = "<group>"; };
		8EA7139F2684E95700C9362C /* FAQItem+MockData.swift */ = {isa = PBXFileReference; lastKnownFileType = sourcecode.swift; path = "FAQItem+MockData.swift"; sourceTree = "<group>"; };
		8EA9146A2610CA4E007BDB30 /* Scholars.app */ = {isa = PBXFileReference; explicitFileType = wrapper.application; includeInIndex = 0; path = Scholars.app; sourceTree = BUILT_PRODUCTS_DIR; };
		8EA9146D2610CA4E007BDB30 /* WWDCScholarsApp.swift */ = {isa = PBXFileReference; lastKnownFileType = sourcecode.swift; path = WWDCScholarsApp.swift; sourceTree = "<group>"; };
		8EA9146F2610CA4E007BDB30 /* ContentView.swift */ = {isa = PBXFileReference; lastKnownFileType = sourcecode.swift; path = ContentView.swift; sourceTree = "<group>"; };
		8EA914712610CA4E007BDB30 /* Assets.xcassets */ = {isa = PBXFileReference; lastKnownFileType = folder.assetcatalog; path = Assets.xcassets; sourceTree = "<group>"; };
		8EA914742610CA4E007BDB30 /* Preview Assets.xcassets */ = {isa = PBXFileReference; lastKnownFileType = folder.assetcatalog; path = "Preview Assets.xcassets"; sourceTree = "<group>"; };
		8EA914762610CA4E007BDB30 /* Info.plist */ = {isa = PBXFileReference; lastKnownFileType = text.plist.xml; path = Info.plist; sourceTree = "<group>"; };
		8EA9147B2610CA4E007BDB30 /* WWDCScholarsTests.xctest */ = {isa = PBXFileReference; explicitFileType = wrapper.cfbundle; includeInIndex = 0; path = WWDCScholarsTests.xctest; sourceTree = BUILT_PRODUCTS_DIR; };
		8EA9147F2610CA4E007BDB30 /* WWDCScholarsTests.swift */ = {isa = PBXFileReference; lastKnownFileType = sourcecode.swift; path = WWDCScholarsTests.swift; sourceTree = "<group>"; };
		8EA914812610CA4E007BDB30 /* Info.plist */ = {isa = PBXFileReference; lastKnownFileType = text.plist.xml; path = Info.plist; sourceTree = "<group>"; };
		8EA914AE2610FA66007BDB30 /* WWDCScholars.entitlements */ = {isa = PBXFileReference; lastKnownFileType = text.plist.entitlements; path = WWDCScholars.entitlements; sourceTree = "<group>"; };
		8EA914B02610FA6C007BDB30 /* CloudKit.framework */ = {isa = PBXFileReference; lastKnownFileType = wrapper.framework; name = CloudKit.framework; path = System/Library/Frameworks/CloudKit.framework; sourceTree = SDKROOT; };
		8EA914BB26110212007BDB30 /* Store.swift */ = {isa = PBXFileReference; fileEncoding = 4; lastKnownFileType = sourcecode.swift; path = Store.swift; sourceTree = "<group>"; };
		8EA914C226110278007BDB30 /* Loadable.swift */ = {isa = PBXFileReference; fileEncoding = 4; lastKnownFileType = sourcecode.swift; path = Loadable.swift; sourceTree = "<group>"; };
		8EA914E426110386007BDB30 /* CancelBag.swift */ = {isa = PBXFileReference; fileEncoding = 4; lastKnownFileType = sourcecode.swift; path = CancelBag.swift; sourceTree = "<group>"; };
		8EA914E8261103C5007BDB30 /* AppState.swift */ = {isa = PBXFileReference; fileEncoding = 4; lastKnownFileType = sourcecode.swift; path = AppState.swift; sourceTree = "<group>"; };
		8EA914E9261103C5007BDB30 /* DependencyInjector.swift */ = {isa = PBXFileReference; fileEncoding = 4; lastKnownFileType = sourcecode.swift; path = DependencyInjector.swift; sourceTree = "<group>"; };
		8EA914EA261103C5007BDB30 /* ServicesContainer.swift */ = {isa = PBXFileReference; fileEncoding = 4; lastKnownFileType = sourcecode.swift; path = ServicesContainer.swift; sourceTree = "<group>"; };
		8EA914F226110505007BDB30 /* DeepLinkHandler.swift */ = {isa = PBXFileReference; fileEncoding = 4; lastKnownFileType = sourcecode.swift; path = DeepLinkHandler.swift; sourceTree = "<group>"; };
		8EA914F326110505007BDB30 /* AppEnvironment.swift */ = {isa = PBXFileReference; fileEncoding = 4; lastKnownFileType = sourcecode.swift; path = AppEnvironment.swift; sourceTree = "<group>"; };
		8EA914F426110505007BDB30 /* SystemEventsHandler.swift */ = {isa = PBXFileReference; fileEncoding = 4; lastKnownFileType = sourcecode.swift; path = SystemEventsHandler.swift; sourceTree = "<group>"; };
		8EA914FD26110661007BDB30 /* CKRecordConvertible.swift */ = {isa = PBXFileReference; fileEncoding = 4; lastKnownFileType = sourcecode.swift; path = CKRecordConvertible.swift; sourceTree = "<group>"; };
		8EA914FE26110661007BDB30 /* CloudKitRepository.swift */ = {isa = PBXFileReference; fileEncoding = 4; lastKnownFileType = sourcecode.swift; path = CloudKitRepository.swift; sourceTree = "<group>"; };
		8EA91505261106AD007BDB30 /* CKQueryOperation+Publisher.swift */ = {isa = PBXFileReference; fileEncoding = 4; lastKnownFileType = sourcecode.swift; path = "CKQueryOperation+Publisher.swift"; sourceTree = "<group>"; };
		8EA91506261106AD007BDB30 /* CKFetchRecordsOperation+Publisher.swift */ = {isa = PBXFileReference; fileEncoding = 4; lastKnownFileType = sourcecode.swift; path = "CKFetchRecordsOperation+Publisher.swift"; sourceTree = "<group>"; };
		8EA9150D26110B0E007BDB30 /* YearsCloudKitRepository.swift */ = {isa = PBXFileReference; fileEncoding = 4; lastKnownFileType = sourcecode.swift; path = YearsCloudKitRepository.swift; sourceTree = "<group>"; };
		8EA9151326110B2D007BDB30 /* WWDCYear.swift */ = {isa = PBXFileReference; fileEncoding = 4; lastKnownFileType = sourcecode.swift; path = WWDCYear.swift; sourceTree = "<group>"; };
		8EA9151A26110BF2007BDB30 /* YearsService.swift */ = {isa = PBXFileReference; fileEncoding = 4; lastKnownFileType = sourcecode.swift; path = YearsService.swift; sourceTree = "<group>"; };
		8EA9151E26110BF9007BDB30 /* YearsDatabaseRepository.swift */ = {isa = PBXFileReference; fileEncoding = 4; lastKnownFileType = sourcecode.swift; path = YearsDatabaseRepository.swift; sourceTree = "<group>"; };
		8EA9152226110C1A007BDB30 /* LazyList.swift */ = {isa = PBXFileReference; fileEncoding = 4; lastKnownFileType = sourcecode.swift; path = LazyList.swift; sourceTree = "<group>"; };
		8EA9152726110C47007BDB30 /* Just+withErrorType.swift */ = {isa = PBXFileReference; fileEncoding = 4; lastKnownFileType = sourcecode.swift; path = "Just+withErrorType.swift"; sourceTree = "<group>"; };
		8EA9152D26110C7A007BDB30 /* Publisher+sinkToLoadable.swift */ = {isa = PBXFileReference; fileEncoding = 4; lastKnownFileType = sourcecode.swift; path = "Publisher+sinkToLoadable.swift"; sourceTree = "<group>"; };
		8EA9153426110E24007BDB30 /* ScholarsViewModel.swift */ = {isa = PBXFileReference; fileEncoding = 4; lastKnownFileType = sourcecode.swift; path = ScholarsViewModel.swift; sourceTree = "<group>"; };
		8EA9153526110E24007BDB30 /* ScholarsView.swift */ = {isa = PBXFileReference; fileEncoding = 4; lastKnownFileType = sourcecode.swift; path = ScholarsView.swift; sourceTree = "<group>"; };
		8EA9153A26110E2B007BDB30 /* YearPickerView.swift */ = {isa = PBXFileReference; fileEncoding = 4; lastKnownFileType = sourcecode.swift; path = YearPickerView.swift; sourceTree = "<group>"; };
		8EA9153B26110E2B007BDB30 /* YearPickerViewModel.swift */ = {isa = PBXFileReference; fileEncoding = 4; lastKnownFileType = sourcecode.swift; path = YearPickerViewModel.swift; sourceTree = "<group>"; };
		8EA9154026110E40007BDB30 /* CapsulePicker.swift */ = {isa = PBXFileReference; fileEncoding = 4; lastKnownFileType = sourcecode.swift; path = CapsulePicker.swift; sourceTree = "<group>"; };
		8EA9154426110E62007BDB30 /* ActivityIndicatorView.swift */ = {isa = PBXFileReference; fileEncoding = 4; lastKnownFileType = sourcecode.swift; path = ActivityIndicatorView.swift; sourceTree = "<group>"; };
		8EA9154826110E98007BDB30 /* ErrorView.swift */ = {isa = PBXFileReference; fileEncoding = 4; lastKnownFileType = sourcecode.swift; path = ErrorView.swift; sourceTree = "<group>"; };
		8EA9154D2611107D007BDB30 /* ScholarsListView.swift */ = {isa = PBXFileReference; fileEncoding = 4; lastKnownFileType = sourcecode.swift; path = ScholarsListView.swift; sourceTree = "<group>"; };
		8EA9154E2611107D007BDB30 /* ScholarsListViewModel.swift */ = {isa = PBXFileReference; fileEncoding = 4; lastKnownFileType = sourcecode.swift; path = ScholarsListViewModel.swift; sourceTree = "<group>"; };
		8EA91553261110AC007BDB30 /* Scholar.swift */ = {isa = PBXFileReference; fileEncoding = 4; lastKnownFileType = sourcecode.swift; path = Scholar.swift; sourceTree = "<group>"; };
		8EA91558261110CA007BDB30 /* Scholar+MockData.swift */ = {isa = PBXFileReference; fileEncoding = 4; lastKnownFileType = sourcecode.swift; path = "Scholar+MockData.swift"; sourceTree = "<group>"; };
		8EA9155C261110E1007BDB30 /* ScholarCell.swift */ = {isa = PBXFileReference; fileEncoding = 4; lastKnownFileType = sourcecode.swift; path = ScholarCell.swift; sourceTree = "<group>"; };
		8EA915652611114A007BDB30 /* ScholarsService.swift */ = {isa = PBXFileReference; fileEncoding = 4; lastKnownFileType = sourcecode.swift; path = ScholarsService.swift; sourceTree = "<group>"; };
		8EA9156926111158007BDB30 /* ScholarsCloudKitRepository.swift */ = {isa = PBXFileReference; fileEncoding = 4; lastKnownFileType = sourcecode.swift; path = ScholarsCloudKitRepository.swift; sourceTree = "<group>"; };
		8EA9156A26111158007BDB30 /* ScholarsDatabaseRepository.swift */ = {isa = PBXFileReference; fileEncoding = 4; lastKnownFileType = sourcecode.swift; path = ScholarsDatabaseRepository.swift; sourceTree = "<group>"; };
		8EA915702611144C007BDB30 /* NavigationBarColor.swift */ = {isa = PBXFileReference; fileEncoding = 4; lastKnownFileType = sourcecode.swift; path = NavigationBarColor.swift; sourceTree = "<group>"; };
		8EA915712611144C007BDB30 /* StatusBarStyleView.swift */ = {isa = PBXFileReference; fileEncoding = 4; lastKnownFileType = sourcecode.swift; path = StatusBarStyleView.swift; sourceTree = "<group>"; };
		8EED5DEE267E8554008DDF11 /* ProfileSocialsViewModel.swift */ = {isa = PBXFileReference; lastKnownFileType = sourcecode.swift; path = ProfileSocialsViewModel.swift; sourceTree = "<group>"; };
		8EED5DF4267E8E39008DDF11 /* Logger+subsystem.swift */ = {isa = PBXFileReference; lastKnownFileType = sourcecode.swift; path = "Logger+subsystem.swift"; sourceTree = "<group>"; };
		8EED5DF6267E8E4A008DDF11 /* Logger+InitCategory.swift */ = {isa = PBXFileReference; lastKnownFileType = sourcecode.swift; path = "Logger+InitCategory.swift"; sourceTree = "<group>"; };
/* End PBXFileReference section */

/* Begin PBXFrameworksBuildPhase section */
		8EA914672610CA4E007BDB30 /* Frameworks */ = {
			isa = PBXFrameworksBuildPhase;
			buildActionMask = 2147483647;
			files = (
				8EA914B12610FA6C007BDB30 /* CloudKit.framework in Frameworks */,
			);
			runOnlyForDeploymentPostprocessing = 0;
		};
		8EA914782610CA4E007BDB30 /* Frameworks */ = {
			isa = PBXFrameworksBuildPhase;
			buildActionMask = 2147483647;
			files = (
			);
			runOnlyForDeploymentPostprocessing = 0;
		};
/* End PBXFrameworksBuildPhase section */

/* Begin PBXGroup section */
		8E1DA3C226B30AEF008816DD /* MockData */ = {
			isa = PBXGroup;
			children = (
				8E1DA3C326B30B0C008816DD /* CLPlacemark+MockData.swift */,
			);
			path = MockData;
			sourceTree = "<group>";
		};
		8E2976F8261A289A00747D4C /* Images */ = {
			isa = PBXGroup;
			children = (
				8E2976F9261A28AD00747D4C /* ImagesCacheRepository.swift */,
				8E2976F2261A283200747D4C /* ImagesMemoryCacheRepository.swift */,
				8E2976EE261A26CC00747D4C /* ImagesFilesystemCacheRepository.swift */,
				8E297701261A292700747D4C /* ImageCacheError.swift */,
			);
			path = Images;
			sourceTree = "<group>";
		};
		8E297705261A29C100747D4C /* UIKit */ = {
			isa = PBXGroup;
			children = (
				8E297706261A29D400747D4C /* UIImage+estimatedSize.swift */,
			);
			path = UIKit;
			sourceTree = "<group>";
		};
		8E4AD37826690C810017D02D /* ScholarProfile */ = {
			isa = PBXGroup;
			children = (
				8E4AD37926690C970017D02D /* ScholarProfileView.swift */,
				8E9D1BCB267AAD2E00179226 /* ScholarProfileViewModel.swift */,
				8E73344C27F0BE3700733350 /* ProfileMapView */,
				8EED5DED267E8542008DDF11 /* ProfileSocialsView */,
				8E73344D27F0BF5F00733350 /* ProfileSubmissionsView */,
				8E73344527EFCC5600733350 /* ProfileSubmissionView */,
			);
			path = ScholarProfile;
			sourceTree = "<group>";
		};
		8E73344227EFC7BE00733350 /* StandardLibrary */ = {
			isa = PBXGroup;
			children = (
				8E73344327EFC83400733350 /* RandomAccessCollection+subscript-safe.swift */,
				8E73345827F0FD0100733350 /* Sequence+sorted.swift */,
			);
			path = StandardLibrary;
			sourceTree = "<group>";
		};
		8E73344527EFCC5600733350 /* ProfileSubmissionView */ = {
			isa = PBXGroup;
			children = (
				8E73344627EFCC9C00733350 /* ProfileSubmissionView.swift */,
				8E73344827EFCCDA00733350 /* ProfileSubmissionViewModel.swift */,
			);
			path = ProfileSubmissionView;
			sourceTree = "<group>";
		};
		8E73344C27F0BE3700733350 /* ProfileMapView */ = {
			isa = PBXGroup;
			children = (
				8E975213267391220027F3B1 /* ProfileMapView.swift */,
			);
			path = ProfileMapView;
			sourceTree = "<group>";
		};
		8E73344D27F0BF5F00733350 /* ProfileSubmissionsView */ = {
			isa = PBXGroup;
			children = (
				8E73345327F0EE4B00733350 /* ProfileSubmissionsYearPicker */,
				8E73344E27F0BF7600733350 /* ProfileSubmissionsView.swift */,
				8E73345127F0C8CA00733350 /* ProfileSubmissionsViewModel.swift */,
			);
			path = ProfileSubmissionsView;
			sourceTree = "<group>";
		};
		8E73345327F0EE4B00733350 /* ProfileSubmissionsYearPicker */ = {
			isa = PBXGroup;
			children = (
				8E73345427F0EE8500733350 /* ProfileSubmissionsYearPickerView.swift */,
				8E73345627F0EE9500733350 /* ProfileSubmissionsYearPickerViewModel.swift */,
			);
			path = ProfileSubmissionsYearPicker;
			sourceTree = "<group>";
		};
		8E9D1BCF267B9A7100179226 /* CoreLocation */ = {
			isa = PBXGroup;
			children = (
				8E9D1BD0267B9A9200179226 /* CLGeocoder+Publisher.swift */,
			);
			path = CoreLocation;
			sourceTree = "<group>";
		};
		8EA713802683BC8400C9362C /* OSLog */ = {
			isa = PBXGroup;
			children = (
				8EED5DF4267E8E39008DDF11 /* Logger+subsystem.swift */,
				8EED5DF6267E8E4A008DDF11 /* Logger+InitCategory.swift */,
			);
			path = OSLog;
			sourceTree = "<group>";
		};
		8EA713832683BF2E00C9362C /* About */ = {
			isa = PBXGroup;
			children = (
				8EA713842683BF4100C9362C /* AboutView.swift */,
				8EA713882683C29D00C9362C /* AboutViewModel.swift */,
			);
			path = About;
			sourceTree = "<group>";
		};
		8EA713922684A0AF00C9362C /* About */ = {
			isa = PBXGroup;
			children = (
				8EA713932684A0BC00C9362C /* AboutTeamMembers */,
				8EA713942684A0C200C9362C /* AboutFAQ */,
			);
			path = About;
			sourceTree = "<group>";
		};
		8EA713932684A0BC00C9362C /* AboutTeamMembers */ = {
			isa = PBXGroup;
			children = (
				8EA713952684D29200C9362C /* AboutTeamMembersView.swift */,
				8EA713992684D2FA00C9362C /* AboutTeamMembersViewModel.swift */,
			);
			path = AboutTeamMembers;
			sourceTree = "<group>";
		};
		8EA713942684A0C200C9362C /* AboutFAQ */ = {
			isa = PBXGroup;
			children = (
				8EA713972684D2E800C9362C /* AboutFAQView.swift */,
				8EA7139B2684D30E00C9362C /* AboutFAQViewModel.swift */,
			);
			path = AboutFAQ;
			sourceTree = "<group>";
		};
		8EA914612610CA4E007BDB30 = {
			isa = PBXGroup;
			children = (
				8EA9146C2610CA4E007BDB30 /* WWDCScholars */,
				8EA9147E2610CA4E007BDB30 /* WWDCScholarsTests */,
				8EA9146B2610CA4E007BDB30 /* Products */,
				8EA914AF2610FA6C007BDB30 /* Frameworks */,
			);
			sourceTree = "<group>";
		};
		8EA9146B2610CA4E007BDB30 /* Products */ = {
			isa = PBXGroup;
			children = (
				8EA9146A2610CA4E007BDB30 /* Scholars.app */,
				8EA9147B2610CA4E007BDB30 /* WWDCScholarsTests.xctest */,
			);
			name = Products;
			sourceTree = "<group>";
		};
		8EA9146C2610CA4E007BDB30 /* WWDCScholars */ = {
			isa = PBXGroup;
			children = (
				8EA914B6261100C2007BDB30 /* System */,
				8EA914BA261101D3007BDB30 /* Utilities */,
				8EA914B92611018A007BDB30 /* Injected */,
				8EA9150B26110ADC007BDB30 /* Repositories */,
				8EA9151926110BD9007BDB30 /* Services */,
				8EA9150C26110AF6007BDB30 /* Models */,
				8EA914B7261100CD007BDB30 /* UI */,
				8E1DA3C226B30AEF008816DD /* MockData */,
				8EA914B52611007B007BDB30 /* Resources */,
			);
			path = WWDCScholars;
			sourceTree = "<group>";
		};
		8EA9147E2610CA4E007BDB30 /* WWDCScholarsTests */ = {
			isa = PBXGroup;
			children = (
				8EA9147F2610CA4E007BDB30 /* WWDCScholarsTests.swift */,
				8EA914812610CA4E007BDB30 /* Info.plist */,
			);
			path = WWDCScholarsTests;
			sourceTree = "<group>";
		};
		8EA914AF2610FA6C007BDB30 /* Frameworks */ = {
			isa = PBXGroup;
			children = (
				8EA914B02610FA6C007BDB30 /* CloudKit.framework */,
			);
			name = Frameworks;
			sourceTree = "<group>";
		};
		8EA914B52611007B007BDB30 /* Resources */ = {
			isa = PBXGroup;
			children = (
				8EA914712610CA4E007BDB30 /* Assets.xcassets */,
				8E1F2F7C2680D8CB0035886A /* Colors.xcassets */,
				8EA914742610CA4E007BDB30 /* Preview Assets.xcassets */,
				8EA914762610CA4E007BDB30 /* Info.plist */,
				8EA914AE2610FA66007BDB30 /* WWDCScholars.entitlements */,
			);
			path = Resources;
			sourceTree = "<group>";
		};
		8EA914B6261100C2007BDB30 /* System */ = {
			isa = PBXGroup;
			children = (
				8EA9146D2610CA4E007BDB30 /* WWDCScholarsApp.swift */,
				8EA914F326110505007BDB30 /* AppEnvironment.swift */,
				8EA914F226110505007BDB30 /* DeepLinkHandler.swift */,
				8EA914F426110505007BDB30 /* SystemEventsHandler.swift */,
			);
			path = System;
			sourceTree = "<group>";
		};
		8EA914B7261100CD007BDB30 /* UI */ = {
			isa = PBXGroup;
			children = (
				8EA914B8261100D8007BDB30 /* Screens */,
				8EA9153126110DD6007BDB30 /* Components */,
				8EA9156F2611141A007BDB30 /* Modifiers */,
				8E499586266C10D6006A51E2 /* Colors.swift */,
			);
			path = UI;
			sourceTree = "<group>";
		};
		8EA914B8261100D8007BDB30 /* Screens */ = {
			isa = PBXGroup;
			children = (
				8EA713832683BF2E00C9362C /* About */,
				8EA9153226110DE9007BDB30 /* Scholars */,
				8EA9146F2610CA4E007BDB30 /* ContentView.swift */,
			);
			path = Screens;
			sourceTree = "<group>";
		};
		8EA914B92611018A007BDB30 /* Injected */ = {
			isa = PBXGroup;
			children = (
				8EA914E8261103C5007BDB30 /* AppState.swift */,
				8EA914EA261103C5007BDB30 /* ServicesContainer.swift */,
				8EA914E9261103C5007BDB30 /* DependencyInjector.swift */,
			);
			path = Injected;
			sourceTree = "<group>";
		};
		8EA914BA261101D3007BDB30 /* Utilities */ = {
			isa = PBXGroup;
			children = (
				8EA914BB26110212007BDB30 /* Store.swift */,
				8EA914E426110386007BDB30 /* CancelBag.swift */,
				8EA914C226110278007BDB30 /* Loadable.swift */,
				8EA9152226110C1A007BDB30 /* LazyList.swift */,
				8EA713812683BCBE00C9362C /* LoggingCategories.swift */,
				8EA914FC2611063C007BDB30 /* CloudKit */,
				8EA9150326110675007BDB30 /* Extensions */,
			);
			path = Utilities;
			sourceTree = "<group>";
		};
		8EA914FC2611063C007BDB30 /* CloudKit */ = {
			isa = PBXGroup;
			children = (
				8EA914FD26110661007BDB30 /* CKRecordConvertible.swift */,
				8EA914FE26110661007BDB30 /* CloudKitRepository.swift */,
			);
			path = CloudKit;
			sourceTree = "<group>";
		};
		8EA9150326110675007BDB30 /* Extensions */ = {
			isa = PBXGroup;
			children = (
				8EA9150426110699007BDB30 /* CloudKit */,
				8EA9152626110C47007BDB30 /* Combine */,
				8E9D1BCF267B9A7100179226 /* CoreLocation */,
				8EA713802683BC8400C9362C /* OSLog */,
				8E73344227EFC7BE00733350 /* StandardLibrary */,
				8E297705261A29C100747D4C /* UIKit */,
			);
			path = Extensions;
			sourceTree = "<group>";
		};
		8EA9150426110699007BDB30 /* CloudKit */ = {
			isa = PBXGroup;
			children = (
				8EA91506261106AD007BDB30 /* CKFetchRecordsOperation+Publisher.swift */,
				8EA91505261106AD007BDB30 /* CKQueryOperation+Publisher.swift */,
				8E1DA3BE26B2F17E008816DD /* CKAsset+image.swift */,
			);
			path = CloudKit;
			sourceTree = "<group>";
		};
		8EA9150B26110ADC007BDB30 /* Repositories */ = {
			isa = PBXGroup;
			children = (
				8EA7138E2683DB4900C9362C /* AboutCloudKitRepository.swift */,
				8EA713902683DDCC00C9362C /* AboutDatabaseRepository.swift */,
				8EA9156926111158007BDB30 /* ScholarsCloudKitRepository.swift */,
				8EA9156A26111158007BDB30 /* ScholarsDatabaseRepository.swift */,
				8EA9150D26110B0E007BDB30 /* YearsCloudKitRepository.swift */,
				8EA9151E26110BF9007BDB30 /* YearsDatabaseRepository.swift */,
				8E2976F8261A289A00747D4C /* Images */,
			);
			path = Repositories;
			sourceTree = "<group>";
		};
		8EA9150C26110AF6007BDB30 /* Models */ = {
			isa = PBXGroup;
			children = (
				8EA91553261110AC007BDB30 /* Scholar.swift */,
				8EA9151326110B2D007BDB30 /* WWDCYear.swift */,
				8E73344027EFC2C700733350 /* WWDCYearInfo.swift */,
				8EA34DA72673F66D00A71CCD /* ScholarSocialMedia.swift */,
				8EA713862683C0AD00C9362C /* TeamMember.swift */,
				8EA7138C2683D7BF00C9362C /* FAQItem.swift */,
				8EA91557261110B9007BDB30 /* MockData */,
				8E9D1BC9267AAC7D00179226 /* RecordName.swift */,
			);
			path = Models;
			sourceTree = "<group>";
		};
		8EA9151926110BD9007BDB30 /* Services */ = {
			isa = PBXGroup;
			children = (
				8EA7138A2683C57900C9362C /* AboutService.swift */,
				8EA915652611114A007BDB30 /* ScholarsService.swift */,
				8EA9151A26110BF2007BDB30 /* YearsService.swift */,
				8E2976E8261A212E00747D4C /* ImagesService.swift */,
				8E9D1BCD267B985D00179226 /* GeocodingService.swift */,
			);
			path = Services;
			sourceTree = "<group>";
		};
		8EA9152626110C47007BDB30 /* Combine */ = {
			isa = PBXGroup;
			children = (
				8EA9152726110C47007BDB30 /* Just+withErrorType.swift */,
				8EA9152D26110C7A007BDB30 /* Publisher+sinkToLoadable.swift */,
			);
			name = Combine;
			path = WWDCScholars/Utilities/Extensions/Combine;
			sourceTree = SOURCE_ROOT;
		};
		8EA9153126110DD6007BDB30 /* Components */ = {
			isa = PBXGroup;
			children = (
				8EA713922684A0AF00C9362C /* About */,
				8EA9154426110E62007BDB30 /* ActivityIndicatorView.swift */,
				8EA9154026110E40007BDB30 /* CapsulePicker.swift */,
				8EA9154826110E98007BDB30 /* ErrorView.swift */,
				8EA9155C261110E1007BDB30 /* ScholarCell.swift */,
				8E2976E4261A203000747D4C /* AsyncImage.swift */,
				8E29770A261A310300747D4C /* ProfilePicture.swift */,
			);
			path = Components;
			sourceTree = "<group>";
		};
		8EA9153226110DE9007BDB30 /* Scholars */ = {
			isa = PBXGroup;
			children = (
				8EA9153526110E24007BDB30 /* ScholarsView.swift */,
				8EA9153426110E24007BDB30 /* ScholarsViewModel.swift */,
				8EA9153326110E02007BDB30 /* YearPicker */,
				8EA9154C26111061007BDB30 /* ScholarsList */,
				8E4AD37826690C810017D02D /* ScholarProfile */,
			);
			path = Scholars;
			sourceTree = "<group>";
		};
		8EA9153326110E02007BDB30 /* YearPicker */ = {
			isa = PBXGroup;
			children = (
				8EA9153A26110E2B007BDB30 /* YearPickerView.swift */,
				8EA9153B26110E2B007BDB30 /* YearPickerViewModel.swift */,
			);
			path = YearPicker;
			sourceTree = "<group>";
		};
		8EA9154C26111061007BDB30 /* ScholarsList */ = {
			isa = PBXGroup;
			children = (
				8EA9154D2611107D007BDB30 /* ScholarsListView.swift */,
				8EA9154E2611107D007BDB30 /* ScholarsListViewModel.swift */,
			);
			path = ScholarsList;
			sourceTree = "<group>";
		};
		8EA91557261110B9007BDB30 /* MockData */ = {
			isa = PBXGroup;
			children = (
				8EA91558261110CA007BDB30 /* Scholar+MockData.swift */,
				8E0592242673F83B005FEA18 /* ScholarSocialMedia+MockData.swift */,
				8EA7139D2684E6E600C9362C /* TeamMember+MockData.swift */,
				8EA7139F2684E95700C9362C /* FAQItem+MockData.swift */,
				8E1DA3C026B2FDD8008816DD /* WWDCYear+MockData.swift */,
				8E73344A27F0845D00733350 /* WWDCYearInfo+MockData.swift */,
			);
			path = MockData;
			sourceTree = "<group>";
		};
		8EA9156F2611141A007BDB30 /* Modifiers */ = {
			isa = PBXGroup;
			children = (
				8EA915702611144C007BDB30 /* NavigationBarColor.swift */,
				8EA915712611144C007BDB30 /* StatusBarStyleView.swift */,
			);
			path = Modifiers;
			sourceTree = "<group>";
		};
		8EED5DED267E8542008DDF11 /* ProfileSocialsView */ = {
			isa = PBXGroup;
			children = (
				8EA34DA52673F5E100A71CCD /* ProfileSocialsView.swift */,
				8EED5DEE267E8554008DDF11 /* ProfileSocialsViewModel.swift */,
			);
			path = ProfileSocialsView;
			sourceTree = "<group>";
		};
/* End PBXGroup section */

/* Begin PBXNativeTarget section */
		8EA914692610CA4E007BDB30 /* WWDCScholars */ = {
			isa = PBXNativeTarget;
			buildConfigurationList = 8EA9148F2610CA4E007BDB30 /* Build configuration list for PBXNativeTarget "WWDCScholars" */;
			buildPhases = (
				8EA914662610CA4E007BDB30 /* Sources */,
				8EA914672610CA4E007BDB30 /* Frameworks */,
				8EA914682610CA4E007BDB30 /* Resources */,
			);
			buildRules = (
			);
			dependencies = (
			);
			name = WWDCScholars;
			packageProductDependencies = (
			);
			productName = WWDCScholars;
			productReference = 8EA9146A2610CA4E007BDB30 /* Scholars.app */;
			productType = "com.apple.product-type.application";
		};
		8EA9147A2610CA4E007BDB30 /* WWDCScholarsTests */ = {
			isa = PBXNativeTarget;
			buildConfigurationList = 8EA914922610CA4E007BDB30 /* Build configuration list for PBXNativeTarget "WWDCScholarsTests" */;
			buildPhases = (
				8EA914772610CA4E007BDB30 /* Sources */,
				8EA914782610CA4E007BDB30 /* Frameworks */,
				8EA914792610CA4E007BDB30 /* Resources */,
			);
			buildRules = (
			);
			dependencies = (
				8EA9147D2610CA4E007BDB30 /* PBXTargetDependency */,
			);
			name = WWDCScholarsTests;
			productName = WWDCScholarsTests;
			productReference = 8EA9147B2610CA4E007BDB30 /* WWDCScholarsTests.xctest */;
			productType = "com.apple.product-type.bundle.unit-test";
		};
/* End PBXNativeTarget section */

/* Begin PBXProject section */
		8EA914622610CA4E007BDB30 /* Project object */ = {
			isa = PBXProject;
			attributes = {
				LastSwiftUpdateCheck = 1240;
				LastUpgradeCheck = 1240;
				TargetAttributes = {
					8EA914692610CA4E007BDB30 = {
						CreatedOnToolsVersion = 12.4;
					};
					8EA9147A2610CA4E007BDB30 = {
						CreatedOnToolsVersion = 12.4;
						TestTargetID = 8EA914692610CA4E007BDB30;
					};
				};
			};
			buildConfigurationList = 8EA914652610CA4E007BDB30 /* Build configuration list for PBXProject "WWDCScholars" */;
			compatibilityVersion = "Xcode 9.3";
			developmentRegion = en;
			hasScannedForEncodings = 0;
			knownRegions = (
				en,
				Base,
			);
			mainGroup = 8EA914612610CA4E007BDB30;
			packageReferences = (
			);
			productRefGroup = 8EA9146B2610CA4E007BDB30 /* Products */;
			projectDirPath = "";
			projectRoot = "";
			targets = (
				8EA914692610CA4E007BDB30 /* WWDCScholars */,
				8EA9147A2610CA4E007BDB30 /* WWDCScholarsTests */,
			);
		};
/* End PBXProject section */

/* Begin PBXResourcesBuildPhase section */
		8EA914682610CA4E007BDB30 /* Resources */ = {
			isa = PBXResourcesBuildPhase;
			buildActionMask = 2147483647;
			files = (
				8E1F2F7D2680D8CB0035886A /* Colors.xcassets in Resources */,
				8EA914752610CA4E007BDB30 /* Preview Assets.xcassets in Resources */,
				8EA914722610CA4E007BDB30 /* Assets.xcassets in Resources */,
			);
			runOnlyForDeploymentPostprocessing = 0;
		};
		8EA914792610CA4E007BDB30 /* Resources */ = {
			isa = PBXResourcesBuildPhase;
			buildActionMask = 2147483647;
			files = (
			);
			runOnlyForDeploymentPostprocessing = 0;
		};
/* End PBXResourcesBuildPhase section */

/* Begin PBXSourcesBuildPhase section */
		8EA914662610CA4E007BDB30 /* Sources */ = {
			isa = PBXSourcesBuildPhase;
			buildActionMask = 2147483647;
			files = (
				8EA9156C26111158007BDB30 /* ScholarsDatabaseRepository.swift in Sources */,
				8EA914F526110505007BDB30 /* DeepLinkHandler.swift in Sources */,
				8E73344927EFCCDA00733350 /* ProfileSubmissionViewModel.swift in Sources */,
				8EA9152326110C1A007BDB30 /* LazyList.swift in Sources */,
				8EA9155D261110E1007BDB30 /* ScholarCell.swift in Sources */,
				8E9D1BCA267AAC7D00179226 /* RecordName.swift in Sources */,
				8E9D1BCE267B985D00179226 /* GeocodingService.swift in Sources */,
				8EA9156B26111158007BDB30 /* ScholarsCloudKitRepository.swift in Sources */,
				8EA9151426110B2D007BDB30 /* WWDCYear.swift in Sources */,
				8EA9152826110C47007BDB30 /* Just+withErrorType.swift in Sources */,
				8E73345927F0FD0100733350 /* Sequence+sorted.swift in Sources */,
				8EED5DEF267E8554008DDF11 /* ProfileSocialsViewModel.swift in Sources */,
				8EA914BC26110212007BDB30 /* Store.swift in Sources */,
				8EA713872683C0AD00C9362C /* TeamMember.swift in Sources */,
				8EA9154926110E98007BDB30 /* ErrorView.swift in Sources */,
				8EA9150026110661007BDB30 /* CloudKitRepository.swift in Sources */,
				8E2976F3261A283200747D4C /* ImagesMemoryCacheRepository.swift in Sources */,
				8EA34DA82673F66D00A71CCD /* ScholarSocialMedia.swift in Sources */,
				8EA9151F26110BF9007BDB30 /* YearsDatabaseRepository.swift in Sources */,
				8E297707261A29D400747D4C /* UIImage+estimatedSize.swift in Sources */,
				8EA914ED261103C5007BDB30 /* ServicesContainer.swift in Sources */,
				8E73345227F0C8CA00733350 /* ProfileSubmissionsViewModel.swift in Sources */,
				8EA914EC261103C5007BDB30 /* DependencyInjector.swift in Sources */,
				8E0592252673F83B005FEA18 /* ScholarSocialMedia+MockData.swift in Sources */,
				8E2976E9261A212E00747D4C /* ImagesService.swift in Sources */,
				8E1DA3BF26B2F17E008816DD /* CKAsset+image.swift in Sources */,
				8E975214267391220027F3B1 /* ProfileMapView.swift in Sources */,
				8EA915722611144C007BDB30 /* NavigationBarColor.swift in Sources */,
				8EA914E526110386007BDB30 /* CancelBag.swift in Sources */,
				8EA9154F2611107D007BDB30 /* ScholarsListView.swift in Sources */,
				8E73344427EFC83400733350 /* RandomAccessCollection+subscript-safe.swift in Sources */,
				8EA91507261106AD007BDB30 /* CKQueryOperation+Publisher.swift in Sources */,
				8EA9153D26110E2B007BDB30 /* YearPickerViewModel.swift in Sources */,
				8E73344127EFC2C700733350 /* WWDCYearInfo.swift in Sources */,
				8EA7138B2683C57900C9362C /* AboutService.swift in Sources */,
				8E2976EF261A26CC00747D4C /* ImagesFilesystemCacheRepository.swift in Sources */,
				8E4AD37A26690C970017D02D /* ScholarProfileView.swift in Sources */,
				8E73344727EFCC9C00733350 /* ProfileSubmissionView.swift in Sources */,
				8EA914F626110505007BDB30 /* AppEnvironment.swift in Sources */,
				8EA9152E26110C7A007BDB30 /* Publisher+sinkToLoadable.swift in Sources */,
				8E297702261A292700747D4C /* ImageCacheError.swift in Sources */,
				8EA713852683BF4100C9362C /* AboutView.swift in Sources */,
				8EA91508261106AD007BDB30 /* CKFetchRecordsOperation+Publisher.swift in Sources */,
				8EA713962684D29200C9362C /* AboutTeamMembersView.swift in Sources */,
				8EA914FF26110661007BDB30 /* CKRecordConvertible.swift in Sources */,
				8E73344B27F0845D00733350 /* WWDCYearInfo+MockData.swift in Sources */,
				8EA7138D2683D7BF00C9362C /* FAQItem.swift in Sources */,
				8EA914C326110278007BDB30 /* Loadable.swift in Sources */,
				8EA9153626110E24007BDB30 /* ScholarsViewModel.swift in Sources */,
				8EA713982684D2E800C9362C /* AboutFAQView.swift in Sources */,
				8EA91554261110AC007BDB30 /* Scholar.swift in Sources */,
				8E499587266C10D6006A51E2 /* Colors.swift in Sources */,
				8EED5DF5267E8E39008DDF11 /* Logger+subsystem.swift in Sources */,
				8EA9150F26110B0E007BDB30 /* YearsCloudKitRepository.swift in Sources */,
				8EA915662611114A007BDB30 /* ScholarsService.swift in Sources */,
				8EA7138F2683DB4900C9362C /* AboutCloudKitRepository.swift in Sources */,
				8E2976E5261A203000747D4C /* AsyncImage.swift in Sources */,
				8EA914EB261103C5007BDB30 /* AppState.swift in Sources */,
				8EA713912683DDCC00C9362C /* AboutDatabaseRepository.swift in Sources */,
				8EA91559261110CA007BDB30 /* Scholar+MockData.swift in Sources */,
				8E73344F27F0BF7600733350 /* ProfileSubmissionsView.swift in Sources */,
				8EA7139A2684D2FA00C9362C /* AboutTeamMembersViewModel.swift in Sources */,
				8E73345727F0EE9500733350 /* ProfileSubmissionsYearPickerViewModel.swift in Sources */,
				8EA915502611107D007BDB30 /* ScholarsListViewModel.swift in Sources */,
				8E1DA3C126B2FDD8008816DD /* WWDCYear+MockData.swift in Sources */,
				8EA914702610CA4E007BDB30 /* ContentView.swift in Sources */,
				8EA915732611144C007BDB30 /* StatusBarStyleView.swift in Sources */,
				8EA9153C26110E2B007BDB30 /* YearPickerView.swift in Sources */,
				8EA7139C2684D30E00C9362C /* AboutFAQViewModel.swift in Sources */,
				8EA9146E2610CA4E007BDB30 /* WWDCScholarsApp.swift in Sources */,
				8E73345527F0EE8500733350 /* ProfileSubmissionsYearPickerView.swift in Sources */,
				8E29770B261A310300747D4C /* ProfilePicture.swift in Sources */,
				8EA9154126110E40007BDB30 /* CapsulePicker.swift in Sources */,
				8E9D1BCC267AAD2E00179226 /* ScholarProfileViewModel.swift in Sources */,
				8EA7139E2684E6E600C9362C /* TeamMember+MockData.swift in Sources */,
				8EA713892683C29D00C9362C /* AboutViewModel.swift in Sources */,
				8E1DA3C426B30B0C008816DD /* CLPlacemark+MockData.swift in Sources */,
				8EA9151B26110BF2007BDB30 /* YearsService.swift in Sources */,
				8EA713A02684E95700C9362C /* FAQItem+MockData.swift in Sources */,
				8EA34DA62673F5E100A71CCD /* ProfileSocialsView.swift in Sources */,
				8EA713822683BCBE00C9362C /* LoggingCategories.swift in Sources */,
				8EED5DF7267E8E4A008DDF11 /* Logger+InitCategory.swift in Sources */,
				8E9D1BD1267B9A9200179226 /* CLGeocoder+Publisher.swift in Sources */,
				8E2976FA261A28AD00747D4C /* ImagesCacheRepository.swift in Sources */,
				8EA914F726110505007BDB30 /* SystemEventsHandler.swift in Sources */,
				8EA9153726110E24007BDB30 /* ScholarsView.swift in Sources */,
				8EA9154526110E62007BDB30 /* ActivityIndicatorView.swift in Sources */,
			);
			runOnlyForDeploymentPostprocessing = 0;
		};
		8EA914772610CA4E007BDB30 /* Sources */ = {
			isa = PBXSourcesBuildPhase;
			buildActionMask = 2147483647;
			files = (
				8EA914802610CA4E007BDB30 /* WWDCScholarsTests.swift in Sources */,
			);
			runOnlyForDeploymentPostprocessing = 0;
		};
/* End PBXSourcesBuildPhase section */

/* Begin PBXTargetDependency section */
		8EA9147D2610CA4E007BDB30 /* PBXTargetDependency */ = {
			isa = PBXTargetDependency;
			target = 8EA914692610CA4E007BDB30 /* WWDCScholars */;
			targetProxy = 8EA9147C2610CA4E007BDB30 /* PBXContainerItemProxy */;
		};
/* End PBXTargetDependency section */

/* Begin XCBuildConfiguration section */
		8EA9148D2610CA4E007BDB30 /* Debug */ = {
			isa = XCBuildConfiguration;
			buildSettings = {
				ALWAYS_SEARCH_USER_PATHS = NO;
				CLANG_ANALYZER_NONNULL = YES;
				CLANG_ANALYZER_NUMBER_OBJECT_CONVERSION = YES_AGGRESSIVE;
				CLANG_CXX_LANGUAGE_STANDARD = "gnu++14";
				CLANG_CXX_LIBRARY = "libc++";
				CLANG_ENABLE_MODULES = YES;
				CLANG_ENABLE_OBJC_ARC = YES;
				CLANG_ENABLE_OBJC_WEAK = YES;
				CLANG_WARN_BLOCK_CAPTURE_AUTORELEASING = YES;
				CLANG_WARN_BOOL_CONVERSION = YES;
				CLANG_WARN_COMMA = YES;
				CLANG_WARN_CONSTANT_CONVERSION = YES;
				CLANG_WARN_DEPRECATED_OBJC_IMPLEMENTATIONS = YES;
				CLANG_WARN_DIRECT_OBJC_ISA_USAGE = YES_ERROR;
				CLANG_WARN_DOCUMENTATION_COMMENTS = YES;
				CLANG_WARN_EMPTY_BODY = YES;
				CLANG_WARN_ENUM_CONVERSION = YES;
				CLANG_WARN_INFINITE_RECURSION = YES;
				CLANG_WARN_INT_CONVERSION = YES;
				CLANG_WARN_NON_LITERAL_NULL_CONVERSION = YES;
				CLANG_WARN_OBJC_IMPLICIT_RETAIN_SELF = YES;
				CLANG_WARN_OBJC_LITERAL_CONVERSION = YES;
				CLANG_WARN_OBJC_ROOT_CLASS = YES_ERROR;
				CLANG_WARN_QUOTED_INCLUDE_IN_FRAMEWORK_HEADER = YES;
				CLANG_WARN_RANGE_LOOP_ANALYSIS = YES;
				CLANG_WARN_STRICT_PROTOTYPES = YES;
				CLANG_WARN_SUSPICIOUS_MOVE = YES;
				CLANG_WARN_UNGUARDED_AVAILABILITY = YES_AGGRESSIVE;
				CLANG_WARN_UNREACHABLE_CODE = YES;
				CLANG_WARN__DUPLICATE_METHOD_MATCH = YES;
				COPY_PHASE_STRIP = NO;
				DEBUG_INFORMATION_FORMAT = dwarf;
				ENABLE_STRICT_OBJC_MSGSEND = YES;
				ENABLE_TESTABILITY = YES;
				GCC_C_LANGUAGE_STANDARD = gnu11;
				GCC_DYNAMIC_NO_PIC = NO;
				GCC_NO_COMMON_BLOCKS = YES;
				GCC_OPTIMIZATION_LEVEL = 0;
				GCC_PREPROCESSOR_DEFINITIONS = (
					"DEBUG=1",
					"$(inherited)",
				);
				GCC_WARN_64_TO_32_BIT_CONVERSION = YES;
				GCC_WARN_ABOUT_RETURN_TYPE = YES_ERROR;
				GCC_WARN_UNDECLARED_SELECTOR = YES;
				GCC_WARN_UNINITIALIZED_AUTOS = YES_AGGRESSIVE;
				GCC_WARN_UNUSED_FUNCTION = YES;
				GCC_WARN_UNUSED_VARIABLE = YES;
				IPHONEOS_DEPLOYMENT_TARGET = 14.4;
				MTL_ENABLE_DEBUG_INFO = INCLUDE_SOURCE;
				MTL_FAST_MATH = YES;
				ONLY_ACTIVE_ARCH = YES;
				SDKROOT = iphoneos;
				SWIFT_ACTIVE_COMPILATION_CONDITIONS = DEBUG;
				SWIFT_OPTIMIZATION_LEVEL = "-Onone";
			};
			name = Debug;
		};
		8EA9148E2610CA4E007BDB30 /* Release */ = {
			isa = XCBuildConfiguration;
			buildSettings = {
				ALWAYS_SEARCH_USER_PATHS = NO;
				CLANG_ANALYZER_NONNULL = YES;
				CLANG_ANALYZER_NUMBER_OBJECT_CONVERSION = YES_AGGRESSIVE;
				CLANG_CXX_LANGUAGE_STANDARD = "gnu++14";
				CLANG_CXX_LIBRARY = "libc++";
				CLANG_ENABLE_MODULES = YES;
				CLANG_ENABLE_OBJC_ARC = YES;
				CLANG_ENABLE_OBJC_WEAK = YES;
				CLANG_WARN_BLOCK_CAPTURE_AUTORELEASING = YES;
				CLANG_WARN_BOOL_CONVERSION = YES;
				CLANG_WARN_COMMA = YES;
				CLANG_WARN_CONSTANT_CONVERSION = YES;
				CLANG_WARN_DEPRECATED_OBJC_IMPLEMENTATIONS = YES;
				CLANG_WARN_DIRECT_OBJC_ISA_USAGE = YES_ERROR;
				CLANG_WARN_DOCUMENTATION_COMMENTS = YES;
				CLANG_WARN_EMPTY_BODY = YES;
				CLANG_WARN_ENUM_CONVERSION = YES;
				CLANG_WARN_INFINITE_RECURSION = YES;
				CLANG_WARN_INT_CONVERSION = YES;
				CLANG_WARN_NON_LITERAL_NULL_CONVERSION = YES;
				CLANG_WARN_OBJC_IMPLICIT_RETAIN_SELF = YES;
				CLANG_WARN_OBJC_LITERAL_CONVERSION = YES;
				CLANG_WARN_OBJC_ROOT_CLASS = YES_ERROR;
				CLANG_WARN_QUOTED_INCLUDE_IN_FRAMEWORK_HEADER = YES;
				CLANG_WARN_RANGE_LOOP_ANALYSIS = YES;
				CLANG_WARN_STRICT_PROTOTYPES = YES;
				CLANG_WARN_SUSPICIOUS_MOVE = YES;
				CLANG_WARN_UNGUARDED_AVAILABILITY = YES_AGGRESSIVE;
				CLANG_WARN_UNREACHABLE_CODE = YES;
				CLANG_WARN__DUPLICATE_METHOD_MATCH = YES;
				COPY_PHASE_STRIP = NO;
				DEBUG_INFORMATION_FORMAT = "dwarf-with-dsym";
				ENABLE_NS_ASSERTIONS = NO;
				ENABLE_STRICT_OBJC_MSGSEND = YES;
				GCC_C_LANGUAGE_STANDARD = gnu11;
				GCC_NO_COMMON_BLOCKS = YES;
				GCC_WARN_64_TO_32_BIT_CONVERSION = YES;
				GCC_WARN_ABOUT_RETURN_TYPE = YES_ERROR;
				GCC_WARN_UNDECLARED_SELECTOR = YES;
				GCC_WARN_UNINITIALIZED_AUTOS = YES_AGGRESSIVE;
				GCC_WARN_UNUSED_FUNCTION = YES;
				GCC_WARN_UNUSED_VARIABLE = YES;
				IPHONEOS_DEPLOYMENT_TARGET = 14.4;
				MTL_ENABLE_DEBUG_INFO = NO;
				MTL_FAST_MATH = YES;
				SDKROOT = iphoneos;
				SWIFT_COMPILATION_MODE = wholemodule;
				SWIFT_OPTIMIZATION_LEVEL = "-O";
				VALIDATE_PRODUCT = YES;
			};
			name = Release;
		};
		8EA914902610CA4E007BDB30 /* Debug */ = {
			isa = XCBuildConfiguration;
			buildSettings = {
				ASSETCATALOG_COMPILER_APPICON_NAME = "AppIcon-Dev";
				CODE_SIGN_ENTITLEMENTS = WWDCScholars/Resources/WWDCScholars.entitlements;
				CODE_SIGN_IDENTITY = "Apple Development";
				CODE_SIGN_STYLE = Automatic;
				DEVELOPMENT_ASSET_PATHS = "\"WWDCScholars/Resources/Preview Assets.xcassets\"";
				DEVELOPMENT_TEAM = S2TB4FUFGQ;
				ENABLE_PREVIEWS = YES;
				INFOPLIST_FILE = WWDCScholars/Resources/Info.plist;
				IPHONEOS_DEPLOYMENT_TARGET = 14.0;
				LD_RUNPATH_SEARCH_PATHS = (
					"$(inherited)",
					"@executable_path/Frameworks",
				);
				MARKETING_VERSION = 4.0.0;
				PRODUCT_BUNDLE_IDENTIFIER = "com.cecose.WWDCScholars-dev";
				PRODUCT_NAME = Scholars;
				PROVISIONING_PROFILE_SPECIFIER = "";
				SWIFT_VERSION = 5.0;
				TARGETED_DEVICE_FAMILY = "1,2";
			};
			name = Debug;
		};
		8EA914912610CA4E007BDB30 /* Release */ = {
			isa = XCBuildConfiguration;
			buildSettings = {
				ASSETCATALOG_COMPILER_APPICON_NAME = "AppIcon-Release";
				CODE_SIGN_ENTITLEMENTS = WWDCScholars/Resources/WWDCScholars.entitlements;
				CODE_SIGN_IDENTITY = "iPhone Distribution";
				CODE_SIGN_STYLE = Manual;
				DEVELOPMENT_ASSET_PATHS = "\"WWDCScholars/Resources/Preview Assets.xcassets\"";
				DEVELOPMENT_TEAM = S2TB4FUFGQ;
				ENABLE_PREVIEWS = YES;
				INFOPLIST_FILE = WWDCScholars/Resources/Info.plist;
				IPHONEOS_DEPLOYMENT_TARGET = 14.0;
				LD_RUNPATH_SEARCH_PATHS = (
					"$(inherited)",
					"@executable_path/Frameworks",
				);
				MARKETING_VERSION = 4.0.0;
				PRODUCT_BUNDLE_IDENTIFIER = com.cecose.WWDCScholars;
				PRODUCT_NAME = Scholars;
				PROVISIONING_PROFILE_SPECIFIER = "";
				SWIFT_VERSION = 5.0;
				TARGETED_DEVICE_FAMILY = "1,2";
			};
			name = Release;
		};
		8EA914932610CA4E007BDB30 /* Debug */ = {
			isa = XCBuildConfiguration;
			buildSettings = {
				ALWAYS_EMBED_SWIFT_STANDARD_LIBRARIES = YES;
				BUNDLE_LOADER = "$(TEST_HOST)";
				CODE_SIGN_STYLE = Automatic;
				DEVELOPMENT_TEAM = S2TB4FUFGQ;
				INFOPLIST_FILE = WWDCScholarsTests/Info.plist;
				IPHONEOS_DEPLOYMENT_TARGET = 14.0;
				LD_RUNPATH_SEARCH_PATHS = (
					"$(inherited)",
					"@executable_path/Frameworks",
					"@loader_path/Frameworks",
				);
				PRODUCT_BUNDLE_IDENTIFIER = com.cecose.WWDCScholarsTests;
				PRODUCT_NAME = "$(TARGET_NAME)";
				SWIFT_VERSION = 5.0;
				TARGETED_DEVICE_FAMILY = "1,2";
				TEST_HOST = "$(BUILT_PRODUCTS_DIR)/Scholars.app/Scholars";
			};
			name = Debug;
		};
		8EA914942610CA4E007BDB30 /* Release */ = {
			isa = XCBuildConfiguration;
			buildSettings = {
				ALWAYS_EMBED_SWIFT_STANDARD_LIBRARIES = YES;
				BUNDLE_LOADER = "$(TEST_HOST)";
				CODE_SIGN_STYLE = Automatic;
				DEVELOPMENT_TEAM = S2TB4FUFGQ;
				INFOPLIST_FILE = WWDCScholarsTests/Info.plist;
				IPHONEOS_DEPLOYMENT_TARGET = 14.0;
				LD_RUNPATH_SEARCH_PATHS = (
					"$(inherited)",
					"@executable_path/Frameworks",
					"@loader_path/Frameworks",
				);
				PRODUCT_BUNDLE_IDENTIFIER = com.cecose.WWDCScholarsTests;
				PRODUCT_NAME = "$(TARGET_NAME)";
				SWIFT_VERSION = 5.0;
				TARGETED_DEVICE_FAMILY = "1,2";
				TEST_HOST = "$(BUILT_PRODUCTS_DIR)/Scholars.app/Scholars";
			};
			name = Release;
		};
/* End XCBuildConfiguration section */

/* Begin XCConfigurationList section */
		8EA914652610CA4E007BDB30 /* Build configuration list for PBXProject "WWDCScholars" */ = {
			isa = XCConfigurationList;
			buildConfigurations = (
				8EA9148D2610CA4E007BDB30 /* Debug */,
				8EA9148E2610CA4E007BDB30 /* Release */,
			);
			defaultConfigurationIsVisible = 0;
			defaultConfigurationName = Release;
		};
		8EA9148F2610CA4E007BDB30 /* Build configuration list for PBXNativeTarget "WWDCScholars" */ = {
			isa = XCConfigurationList;
			buildConfigurations = (
				8EA914902610CA4E007BDB30 /* Debug */,
				8EA914912610CA4E007BDB30 /* Release */,
			);
			defaultConfigurationIsVisible = 0;
			defaultConfigurationName = Release;
		};
		8EA914922610CA4E007BDB30 /* Build configuration list for PBXNativeTarget "WWDCScholarsTests" */ = {
			isa = XCConfigurationList;
			buildConfigurations = (
				8EA914932610CA4E007BDB30 /* Debug */,
				8EA914942610CA4E007BDB30 /* Release */,
			);
			defaultConfigurationIsVisible = 0;
			defaultConfigurationName = Release;
		};
/* End XCConfigurationList section */
	};
	rootObject = 8EA914622610CA4E007BDB30 /* Project object */;
}
