// !$*UTF8*$!
{
	archiveVersion = 1;
	classes = {
	};
	objectVersion = 46;
	objects = {

/* Begin PBXBuildFile section */
		6E127D4B1EA3C65D0068F7DB /* Scholars.storyboard in Resources */ = {isa = PBXBuildFile; fileRef = 6E127D491EA3C65D0068F7DB /* Scholars.storyboard */; };
		6E127D4D1EA3C66E0068F7DB /* Nearby.storyboard in Resources */ = {isa = PBXBuildFile; fileRef = 6E127D4C1EA3C66E0068F7DB /* Nearby.storyboard */; };
		6E127D501EA3C67F0068F7DB /* Activity.storyboard in Resources */ = {isa = PBXBuildFile; fileRef = 6E127D4E1EA3C67F0068F7DB /* Activity.storyboard */; };
		6E127D521EA3C68C0068F7DB /* Blog.storyboard in Resources */ = {isa = PBXBuildFile; fileRef = 6E127D511EA3C68C0068F7DB /* Blog.storyboard */; };
		6E127D551EA3C6980068F7DB /* Team.storyboard in Resources */ = {isa = PBXBuildFile; fileRef = 6E127D531EA3C6980068F7DB /* Team.storyboard */; };
		6E127D581EA3C6E30068F7DB /* Profile.storyboard in Resources */ = {isa = PBXBuildFile; fileRef = 6E127D571EA3C6E30068F7DB /* Profile.storyboard */; };
		6E127D5A1EA3C6FA0068F7DB /* ProfileViewController.swift in Sources */ = {isa = PBXBuildFile; fileRef = 6E127D591EA3C6FA0068F7DB /* ProfileViewController.swift */; };
		6E3C554D1EA032DD008F9AC9 /* AppDelegate.swift in Sources */ = {isa = PBXBuildFile; fileRef = 6E3C554C1EA032DD008F9AC9 /* AppDelegate.swift */; };
		6E3C55521EA032DD008F9AC9 /* Main.storyboard in Resources */ = {isa = PBXBuildFile; fileRef = 6E3C55501EA032DD008F9AC9 /* Main.storyboard */; };
		6E3C55541EA032DD008F9AC9 /* Assets.xcassets in Resources */ = {isa = PBXBuildFile; fileRef = 6E3C55531EA032DD008F9AC9 /* Assets.xcassets */; };
		6E3C55571EA032DD008F9AC9 /* LaunchScreen.storyboard in Resources */ = {isa = PBXBuildFile; fileRef = 6E3C55551EA032DD008F9AC9 /* LaunchScreen.storyboard */; };
		6E3C55601EA03C6D008F9AC9 /* ScholarsViewController.swift in Sources */ = {isa = PBXBuildFile; fileRef = 6E3C555F1EA03C6D008F9AC9 /* ScholarsViewController.swift */; };
		6E3C55631EA03D17008F9AC9 /* UITabBar+Style.swift in Sources */ = {isa = PBXBuildFile; fileRef = 6E3C55621EA03D17008F9AC9 /* UITabBar+Style.swift */; };
		6E3C55661EA03DFE008F9AC9 /* UIColor+Style.swift in Sources */ = {isa = PBXBuildFile; fileRef = 6E3C55651EA03DFE008F9AC9 /* UIColor+Style.swift */; };
		6E3C55681EA042F3008F9AC9 /* UINavigationBar+Style.swift in Sources */ = {isa = PBXBuildFile; fileRef = 6E3C55671EA042F3008F9AC9 /* UINavigationBar+Style.swift */; };
		6E4806181EA14E8600213835 /* TeamViewController.swift in Sources */ = {isa = PBXBuildFile; fileRef = 6E4806171EA14E8600213835 /* TeamViewController.swift */; };
		6E48061A1EA14EB700213835 /* BlogViewController.swift in Sources */ = {isa = PBXBuildFile; fileRef = 6E4806191EA14EB700213835 /* BlogViewController.swift */; };
		6E48061C1EA14EC500213835 /* ActivityViewController.swift in Sources */ = {isa = PBXBuildFile; fileRef = 6E48061B1EA14EC500213835 /* ActivityViewController.swift */; };
		6E48061E1EA14ED100213835 /* NearbyViewController.swift in Sources */ = {isa = PBXBuildFile; fileRef = 6E48061D1EA14ED100213835 /* NearbyViewController.swift */; };
		6E4806211EA14FA700213835 /* UIStatusBar.swift in Sources */ = {isa = PBXBuildFile; fileRef = 6E4806201EA14FA700213835 /* UIStatusBar.swift */; };
		6E5CA5151EA16A810018ECB9 /* NavigationBarExtensionView.swift in Sources */ = {isa = PBXBuildFile; fileRef = 6E5CA5141EA16A810018ECB9 /* NavigationBarExtensionView.swift */; };
		6E5CA51A1EA16AE50018ECB9 /* ConstraintHelper.swift in Sources */ = {isa = PBXBuildFile; fileRef = 6E5CA5191EA16AE50018ECB9 /* ConstraintHelper.swift */; };
		6E5CA51E1EA172E70018ECB9 /* UIView+Style.swift in Sources */ = {isa = PBXBuildFile; fileRef = 6E5CA51D1EA172E70018ECB9 /* UIView+Style.swift */; };
/* End PBXBuildFile section */

/* Begin PBXFileReference section */
		6E127D4A1EA3C65D0068F7DB /* Base */ = {isa = PBXFileReference; lastKnownFileType = file.storyboard; name = Base; path = Base.lproj/Scholars.storyboard; sourceTree = "<group>"; };
		6E127D4C1EA3C66E0068F7DB /* Nearby.storyboard */ = {isa = PBXFileReference; fileEncoding = 4; lastKnownFileType = file.storyboard; path = Nearby.storyboard; sourceTree = "<group>"; };
		6E127D4F1EA3C67F0068F7DB /* Base */ = {isa = PBXFileReference; lastKnownFileType = file.storyboard; name = Base; path = Base.lproj/Activity.storyboard; sourceTree = "<group>"; };
		6E127D511EA3C68C0068F7DB /* Blog.storyboard */ = {isa = PBXFileReference; fileEncoding = 4; lastKnownFileType = file.storyboard; path = Blog.storyboard; sourceTree = "<group>"; };
		6E127D541EA3C6980068F7DB /* Base */ = {isa = PBXFileReference; lastKnownFileType = file.storyboard; name = Base; path = Base.lproj/Team.storyboard; sourceTree = "<group>"; };
		6E127D571EA3C6E30068F7DB /* Profile.storyboard */ = {isa = PBXFileReference; fileEncoding = 4; lastKnownFileType = file.storyboard; path = Profile.storyboard; sourceTree = "<group>"; };
		6E127D591EA3C6FA0068F7DB /* ProfileViewController.swift */ = {isa = PBXFileReference; fileEncoding = 4; lastKnownFileType = sourcecode.swift; path = ProfileViewController.swift; sourceTree = "<group>"; };
		6E3C55491EA032DD008F9AC9 /* WWDCScholars.app */ = {isa = PBXFileReference; explicitFileType = wrapper.application; includeInIndex = 0; path = WWDCScholars.app; sourceTree = BUILT_PRODUCTS_DIR; };
		6E3C554C1EA032DD008F9AC9 /* AppDelegate.swift */ = {isa = PBXFileReference; lastKnownFileType = sourcecode.swift; path = AppDelegate.swift; sourceTree = "<group>"; };
		6E3C55511EA032DD008F9AC9 /* Base */ = {isa = PBXFileReference; lastKnownFileType = file.storyboard; name = Base; path = Base.lproj/Main.storyboard; sourceTree = "<group>"; };
		6E3C55531EA032DD008F9AC9 /* Assets.xcassets */ = {isa = PBXFileReference; lastKnownFileType = folder.assetcatalog; path = Assets.xcassets; sourceTree = "<group>"; };
		6E3C55561EA032DD008F9AC9 /* Base */ = {isa = PBXFileReference; lastKnownFileType = file.storyboard; name = Base; path = Base.lproj/LaunchScreen.storyboard; sourceTree = "<group>"; };
		6E3C55581EA032DD008F9AC9 /* Info.plist */ = {isa = PBXFileReference; lastKnownFileType = text.plist.xml; path = Info.plist; sourceTree = "<group>"; };
		6E3C555F1EA03C6D008F9AC9 /* ScholarsViewController.swift */ = {isa = PBXFileReference; fileEncoding = 4; lastKnownFileType = sourcecode.swift; path = ScholarsViewController.swift; sourceTree = "<group>"; };
		6E3C55621EA03D17008F9AC9 /* UITabBar+Style.swift */ = {isa = PBXFileReference; fileEncoding = 4; lastKnownFileType = sourcecode.swift; path = "UITabBar+Style.swift"; sourceTree = "<group>"; };
		6E3C55651EA03DFE008F9AC9 /* UIColor+Style.swift */ = {isa = PBXFileReference; fileEncoding = 4; lastKnownFileType = sourcecode.swift; path = "UIColor+Style.swift"; sourceTree = "<group>"; };
		6E3C55671EA042F3008F9AC9 /* UINavigationBar+Style.swift */ = {isa = PBXFileReference; fileEncoding = 4; lastKnownFileType = sourcecode.swift; path = "UINavigationBar+Style.swift"; sourceTree = "<group>"; };
		6E4806171EA14E8600213835 /* TeamViewController.swift */ = {isa = PBXFileReference; fileEncoding = 4; lastKnownFileType = sourcecode.swift; path = TeamViewController.swift; sourceTree = "<group>"; };
		6E4806191EA14EB700213835 /* BlogViewController.swift */ = {isa = PBXFileReference; fileEncoding = 4; lastKnownFileType = sourcecode.swift; path = BlogViewController.swift; sourceTree = "<group>"; };
		6E48061B1EA14EC500213835 /* ActivityViewController.swift */ = {isa = PBXFileReference; fileEncoding = 4; lastKnownFileType = sourcecode.swift; path = ActivityViewController.swift; sourceTree = "<group>"; };
		6E48061D1EA14ED100213835 /* NearbyViewController.swift */ = {isa = PBXFileReference; fileEncoding = 4; lastKnownFileType = sourcecode.swift; path = NearbyViewController.swift; sourceTree = "<group>"; };
		6E4806201EA14FA700213835 /* UIStatusBar.swift */ = {isa = PBXFileReference; fileEncoding = 4; lastKnownFileType = sourcecode.swift; path = UIStatusBar.swift; sourceTree = "<group>"; };
		6E5CA5141EA16A810018ECB9 /* NavigationBarExtensionView.swift */ = {isa = PBXFileReference; fileEncoding = 4; lastKnownFileType = sourcecode.swift; path = NavigationBarExtensionView.swift; sourceTree = "<group>"; };
		6E5CA5191EA16AE50018ECB9 /* ConstraintHelper.swift */ = {isa = PBXFileReference; fileEncoding = 4; lastKnownFileType = sourcecode.swift; path = ConstraintHelper.swift; sourceTree = "<group>"; };
		6E5CA51D1EA172E70018ECB9 /* UIView+Style.swift */ = {isa = PBXFileReference; fileEncoding = 4; lastKnownFileType = sourcecode.swift; path = "UIView+Style.swift"; sourceTree = "<group>"; };
/* End PBXFileReference section */

/* Begin PBXFrameworksBuildPhase section */
		6E3C55461EA032DD008F9AC9 /* Frameworks */ = {
			isa = PBXFrameworksBuildPhase;
			buildActionMask = 2147483647;
			files = (
			);
			runOnlyForDeploymentPostprocessing = 0;
		};
/* End PBXFrameworksBuildPhase section */

/* Begin PBXGroup section */
		6E127D561EA3C69D0068F7DB /* Storyboards */ = {
			isa = PBXGroup;
			children = (
				6E3C55501EA032DD008F9AC9 /* Main.storyboard */,
				6E127D531EA3C6980068F7DB /* Team.storyboard */,
				6E127D511EA3C68C0068F7DB /* Blog.storyboard */,
				6E127D4E1EA3C67F0068F7DB /* Activity.storyboard */,
				6E127D4C1EA3C66E0068F7DB /* Nearby.storyboard */,
				6E127D491EA3C65D0068F7DB /* Scholars.storyboard */,
				6E127D571EA3C6E30068F7DB /* Profile.storyboard */,
			);
			name = Storyboards;
			sourceTree = "<group>";
		};
		6E3C55401EA032DD008F9AC9 = {
			isa = PBXGroup;
			children = (
				6E3C554B1EA032DD008F9AC9 /* WWDCScholars */,
				6E3C554A1EA032DD008F9AC9 /* Products */,
			);
			sourceTree = "<group>";
		};
		6E3C554A1EA032DD008F9AC9 /* Products */ = {
			isa = PBXGroup;
			children = (
				6E3C55491EA032DD008F9AC9 /* WWDCScholars.app */,
			);
			name = Products;
			sourceTree = "<group>";
		};
		6E3C554B1EA032DD008F9AC9 /* WWDCScholars */ = {
			isa = PBXGroup;
			children = (
				6E127D561EA3C69D0068F7DB /* Storyboards */,
				6E48061F1EA14F9700213835 /* UI */,
				6E3C55611EA03CF4008F9AC9 /* Extensions */,
				6E3C555E1EA03C52008F9AC9 /* UIViewControllers */,
				6E3C554C1EA032DD008F9AC9 /* AppDelegate.swift */,
				6E3C55531EA032DD008F9AC9 /* Assets.xcassets */,
				6E3C55551EA032DD008F9AC9 /* LaunchScreen.storyboard */,
				6E3C55581EA032DD008F9AC9 /* Info.plist */,
			);
			path = WWDCScholars;
			sourceTree = "<group>";
		};
		6E3C555E1EA03C52008F9AC9 /* UIViewControllers */ = {
			isa = PBXGroup;
			children = (
				6E48061B1EA14EC500213835 /* ActivityViewController.swift */,
				6E4806191EA14EB700213835 /* BlogViewController.swift */,
				6E48061D1EA14ED100213835 /* NearbyViewController.swift */,
				6E3C555F1EA03C6D008F9AC9 /* ScholarsViewController.swift */,
				6E4806171EA14E8600213835 /* TeamViewController.swift */,
				6E127D591EA3C6FA0068F7DB /* ProfileViewController.swift */,
			);
			name = UIViewControllers;
			sourceTree = "<group>";
		};
		6E3C55611EA03CF4008F9AC9 /* Extensions */ = {
			isa = PBXGroup;
			children = (
				6E3C55651EA03DFE008F9AC9 /* UIColor+Style.swift */,
				6E3C55671EA042F3008F9AC9 /* UINavigationBar+Style.swift */,
				6E3C55621EA03D17008F9AC9 /* UITabBar+Style.swift */,
				6E5CA51D1EA172E70018ECB9 /* UIView+Style.swift */,
			);
			name = Extensions;
			sourceTree = "<group>";
		};
		6E48061F1EA14F9700213835 /* UI */ = {
			isa = PBXGroup;
			children = (
				6E5CA5181EA16AD80018ECB9 /* Helpers */,
				6E5CA5171EA16AD10018ECB9 /* Misc. */,
				6E5CA5161EA16AB20018ECB9 /* Elements */,
			);
			name = UI;
			sourceTree = "<group>";
		};
		6E5CA5161EA16AB20018ECB9 /* Elements */ = {
			isa = PBXGroup;
			children = (
				6E5CA5141EA16A810018ECB9 /* NavigationBarExtensionView.swift */,
			);
			name = Elements;
			sourceTree = "<group>";
		};
		6E5CA5171EA16AD10018ECB9 /* Misc. */ = {
			isa = PBXGroup;
			children = (
				6E4806201EA14FA700213835 /* UIStatusBar.swift */,
			);
			name = Misc.;
			sourceTree = "<group>";
		};
		6E5CA5181EA16AD80018ECB9 /* Helpers */ = {
			isa = PBXGroup;
			children = (
				6E5CA5191EA16AE50018ECB9 /* ConstraintHelper.swift */,
			);
			name = Helpers;
			sourceTree = "<group>";
		};
/* End PBXGroup section */

/* Begin PBXNativeTarget section */
		6E3C55481EA032DD008F9AC9 /* WWDCScholars */ = {
			isa = PBXNativeTarget;
			buildConfigurationList = 6E3C555B1EA032DD008F9AC9 /* Build configuration list for PBXNativeTarget "WWDCScholars" */;
			buildPhases = (
				6E3C55451EA032DD008F9AC9 /* Sources */,
				6E3C55461EA032DD008F9AC9 /* Frameworks */,
				6E3C55471EA032DD008F9AC9 /* Resources */,
			);
			buildRules = (
			);
			dependencies = (
			);
			name = WWDCScholars;
			productName = WWDCScholars;
			productReference = 6E3C55491EA032DD008F9AC9 /* WWDCScholars.app */;
			productType = "com.apple.product-type.application";
		};
/* End PBXNativeTarget section */

/* Begin PBXProject section */
		6E3C55411EA032DD008F9AC9 /* Project object */ = {
			isa = PBXProject;
			attributes = {
				LastSwiftUpdateCheck = 0820;
				LastUpgradeCheck = 0820;
				ORGANIZATIONNAME = "Andrew Walker";
				TargetAttributes = {
					6E3C55481EA032DD008F9AC9 = {
						CreatedOnToolsVersion = 8.2.1;
						ProvisioningStyle = Automatic;
					};
				};
			};
			buildConfigurationList = 6E3C55441EA032DD008F9AC9 /* Build configuration list for PBXProject "WWDCScholars" */;
			compatibilityVersion = "Xcode 3.2";
			developmentRegion = English;
			hasScannedForEncodings = 0;
			knownRegions = (
				en,
				Base,
			);
			mainGroup = 6E3C55401EA032DD008F9AC9;
			productRefGroup = 6E3C554A1EA032DD008F9AC9 /* Products */;
			projectDirPath = "";
			projectRoot = "";
			targets = (
				6E3C55481EA032DD008F9AC9 /* WWDCScholars */,
			);
		};
/* End PBXProject section */

/* Begin PBXResourcesBuildPhase section */
		6E3C55471EA032DD008F9AC9 /* Resources */ = {
			isa = PBXResourcesBuildPhase;
			buildActionMask = 2147483647;
			files = (
				6E3C55571EA032DD008F9AC9 /* LaunchScreen.storyboard in Resources */,
				6E127D501EA3C67F0068F7DB /* Activity.storyboard in Resources */,
				6E127D4B1EA3C65D0068F7DB /* Scholars.storyboard in Resources */,
				6E3C55541EA032DD008F9AC9 /* Assets.xcassets in Resources */,
				6E127D4D1EA3C66E0068F7DB /* Nearby.storyboard in Resources */,
				6E127D551EA3C6980068F7DB /* Team.storyboard in Resources */,
				6E127D581EA3C6E30068F7DB /* Profile.storyboard in Resources */,
				6E3C55521EA032DD008F9AC9 /* Main.storyboard in Resources */,
				6E127D521EA3C68C0068F7DB /* Blog.storyboard in Resources */,
			);
			runOnlyForDeploymentPostprocessing = 0;
		};
/* End PBXResourcesBuildPhase section */

/* Begin PBXSourcesBuildPhase section */
		6E3C55451EA032DD008F9AC9 /* Sources */ = {
			isa = PBXSourcesBuildPhase;
			buildActionMask = 2147483647;
			files = (
				6E5CA51E1EA172E70018ECB9 /* UIView+Style.swift in Sources */,
				6E3C554D1EA032DD008F9AC9 /* AppDelegate.swift in Sources */,
				6E3C55631EA03D17008F9AC9 /* UITabBar+Style.swift in Sources */,
				6E3C55601EA03C6D008F9AC9 /* ScholarsViewController.swift in Sources */,
				6E127D5A1EA3C6FA0068F7DB /* ProfileViewController.swift in Sources */,
				6E5CA5151EA16A810018ECB9 /* NavigationBarExtensionView.swift in Sources */,
				6E4806211EA14FA700213835 /* UIStatusBar.swift in Sources */,
				6E48061C1EA14EC500213835 /* ActivityViewController.swift in Sources */,
				6E3C55661EA03DFE008F9AC9 /* UIColor+Style.swift in Sources */,
				6E3C55681EA042F3008F9AC9 /* UINavigationBar+Style.swift in Sources */,
				6E48061E1EA14ED100213835 /* NearbyViewController.swift in Sources */,
				6E48061A1EA14EB700213835 /* BlogViewController.swift in Sources */,
				6E5CA51A1EA16AE50018ECB9 /* ConstraintHelper.swift in Sources */,
				6E4806181EA14E8600213835 /* TeamViewController.swift in Sources */,
			);
			runOnlyForDeploymentPostprocessing = 0;
		};
/* End PBXSourcesBuildPhase section */

/* Begin PBXVariantGroup section */
		6E127D491EA3C65D0068F7DB /* Scholars.storyboard */ = {
			isa = PBXVariantGroup;
			children = (
				6E127D4A1EA3C65D0068F7DB /* Base */,
			);
			name = Scholars.storyboard;
			sourceTree = "<group>";
		};
		6E127D4E1EA3C67F0068F7DB /* Activity.storyboard */ = {
			isa = PBXVariantGroup;
			children = (
				6E127D4F1EA3C67F0068F7DB /* Base */,
			);
			name = Activity.storyboard;
			sourceTree = "<group>";
		};
		6E127D531EA3C6980068F7DB /* Team.storyboard */ = {
			isa = PBXVariantGroup;
			children = (
				6E127D541EA3C6980068F7DB /* Base */,
			);
			name = Team.storyboard;
			sourceTree = "<group>";
		};
		6E3C55501EA032DD008F9AC9 /* Main.storyboard */ = {
			isa = PBXVariantGroup;
			children = (
				6E3C55511EA032DD008F9AC9 /* Base */,
			);
			name = Main.storyboard;
			sourceTree = "<group>";
		};
		6E3C55551EA032DD008F9AC9 /* LaunchScreen.storyboard */ = {
			isa = PBXVariantGroup;
			children = (
				6E3C55561EA032DD008F9AC9 /* Base */,
			);
			name = LaunchScreen.storyboard;
			sourceTree = "<group>";
		};
/* End PBXVariantGroup section */

/* Begin XCBuildConfiguration section */
		6E3C55591EA032DD008F9AC9 /* Debug */ = {
			isa = XCBuildConfiguration;
			buildSettings = {
				ALWAYS_SEARCH_USER_PATHS = NO;
				CLANG_ANALYZER_NONNULL = YES;
				CLANG_CXX_LANGUAGE_STANDARD = "gnu++0x";
				CLANG_CXX_LIBRARY = "libc++";
				CLANG_ENABLE_MODULES = YES;
				CLANG_ENABLE_OBJC_ARC = YES;
				CLANG_WARN_BOOL_CONVERSION = YES;
				CLANG_WARN_CONSTANT_CONVERSION = YES;
				CLANG_WARN_DIRECT_OBJC_ISA_USAGE = YES_ERROR;
				CLANG_WARN_DOCUMENTATION_COMMENTS = YES;
				CLANG_WARN_EMPTY_BODY = YES;
				CLANG_WARN_ENUM_CONVERSION = YES;
				CLANG_WARN_INFINITE_RECURSION = YES;
				CLANG_WARN_INT_CONVERSION = YES;
				CLANG_WARN_OBJC_ROOT_CLASS = YES_ERROR;
				CLANG_WARN_SUSPICIOUS_MOVE = YES;
				CLANG_WARN_UNREACHABLE_CODE = YES;
				CLANG_WARN__DUPLICATE_METHOD_MATCH = YES;
				"CODE_SIGN_IDENTITY[sdk=iphoneos*]" = "iPhone Developer";
				COPY_PHASE_STRIP = NO;
				DEBUG_INFORMATION_FORMAT = dwarf;
				ENABLE_STRICT_OBJC_MSGSEND = YES;
				ENABLE_TESTABILITY = YES;
				GCC_C_LANGUAGE_STANDARD = gnu99;
				GCC_DYNAMIC_NO_PIC = NO;
				GCC_NO_COMMON_BLOCKS = YES;
				GCC_OPTIMIZATION_LEVEL = 0;
				GCC_PREPROCESSOR_DEFINITIONS = (
					"DEBUG=1",
					"$(inherited)",
				);
				GCC_WARN_64_TO_32_BIT_CONVERSION = YES;
				GCC_WARN_ABOUT_RETURN_TYPE = YES_ERROR;
				GCC_WARN_UNDECLARED_SELECTOR = YES;
				GCC_WARN_UNINITIALIZED_AUTOS = YES_AGGRESSIVE;
				GCC_WARN_UNUSED_FUNCTION = YES;
				GCC_WARN_UNUSED_VARIABLE = YES;
				IPHONEOS_DEPLOYMENT_TARGET = 10.2;
				MTL_ENABLE_DEBUG_INFO = YES;
				ONLY_ACTIVE_ARCH = YES;
				SDKROOT = iphoneos;
				SWIFT_ACTIVE_COMPILATION_CONDITIONS = DEBUG;
				SWIFT_OPTIMIZATION_LEVEL = "-Onone";
			};
			name = Debug;
		};
		6E3C555A1EA032DD008F9AC9 /* Release */ = {
			isa = XCBuildConfiguration;
			buildSettings = {
				ALWAYS_SEARCH_USER_PATHS = NO;
				CLANG_ANALYZER_NONNULL = YES;
				CLANG_CXX_LANGUAGE_STANDARD = "gnu++0x";
				CLANG_CXX_LIBRARY = "libc++";
				CLANG_ENABLE_MODULES = YES;
				CLANG_ENABLE_OBJC_ARC = YES;
				CLANG_WARN_BOOL_CONVERSION = YES;
				CLANG_WARN_CONSTANT_CONVERSION = YES;
				CLANG_WARN_DIRECT_OBJC_ISA_USAGE = YES_ERROR;
				CLANG_WARN_DOCUMENTATION_COMMENTS = YES;
				CLANG_WARN_EMPTY_BODY = YES;
				CLANG_WARN_ENUM_CONVERSION = YES;
				CLANG_WARN_INFINITE_RECURSION = YES;
				CLANG_WARN_INT_CONVERSION = YES;
				CLANG_WARN_OBJC_ROOT_CLASS = YES_ERROR;
				CLANG_WARN_SUSPICIOUS_MOVE = YES;
				CLANG_WARN_UNREACHABLE_CODE = YES;
				CLANG_WARN__DUPLICATE_METHOD_MATCH = YES;
				"CODE_SIGN_IDENTITY[sdk=iphoneos*]" = "iPhone Developer";
				COPY_PHASE_STRIP = NO;
				DEBUG_INFORMATION_FORMAT = "dwarf-with-dsym";
				ENABLE_NS_ASSERTIONS = NO;
				ENABLE_STRICT_OBJC_MSGSEND = YES;
				GCC_C_LANGUAGE_STANDARD = gnu99;
				GCC_NO_COMMON_BLOCKS = YES;
				GCC_WARN_64_TO_32_BIT_CONVERSION = YES;
				GCC_WARN_ABOUT_RETURN_TYPE = YES_ERROR;
				GCC_WARN_UNDECLARED_SELECTOR = YES;
				GCC_WARN_UNINITIALIZED_AUTOS = YES_AGGRESSIVE;
				GCC_WARN_UNUSED_FUNCTION = YES;
				GCC_WARN_UNUSED_VARIABLE = YES;
				IPHONEOS_DEPLOYMENT_TARGET = 10.2;
				MTL_ENABLE_DEBUG_INFO = NO;
				SDKROOT = iphoneos;
				SWIFT_OPTIMIZATION_LEVEL = "-Owholemodule";
				VALIDATE_PRODUCT = YES;
			};
			name = Release;
		};
		6E3C555C1EA032DD008F9AC9 /* Debug */ = {
			isa = XCBuildConfiguration;
			buildSettings = {
				ASSETCATALOG_COMPILER_APPICON_NAME = AppIcon;
				INFOPLIST_FILE = WWDCScholars/Info.plist;
				LD_RUNPATH_SEARCH_PATHS = "$(inherited) @executable_path/Frameworks";
				PRODUCT_BUNDLE_IDENTIFIER = com.AndrewWalker.WWDCScholars;
				PRODUCT_NAME = "$(TARGET_NAME)";
				SWIFT_VERSION = 3.0;
			};
			name = Debug;
		};
		6E3C555D1EA032DD008F9AC9 /* Release */ = {
			isa = XCBuildConfiguration;
			buildSettings = {
				ASSETCATALOG_COMPILER_APPICON_NAME = AppIcon;
				INFOPLIST_FILE = WWDCScholars/Info.plist;
				LD_RUNPATH_SEARCH_PATHS = "$(inherited) @executable_path/Frameworks";
				PRODUCT_BUNDLE_IDENTIFIER = com.AndrewWalker.WWDCScholars;
				PRODUCT_NAME = "$(TARGET_NAME)";
				SWIFT_VERSION = 3.0;
			};
			name = Release;
		};
/* End XCBuildConfiguration section */

/* Begin XCConfigurationList section */
		6E3C55441EA032DD008F9AC9 /* Build configuration list for PBXProject "WWDCScholars" */ = {
			isa = XCConfigurationList;
			buildConfigurations = (
				6E3C55591EA032DD008F9AC9 /* Debug */,
				6E3C555A1EA032DD008F9AC9 /* Release */,
			);
			defaultConfigurationIsVisible = 0;
			defaultConfigurationName = Release;
		};
		6E3C555B1EA032DD008F9AC9 /* Build configuration list for PBXNativeTarget "WWDCScholars" */ = {
			isa = XCConfigurationList;
			buildConfigurations = (
				6E3C555C1EA032DD008F9AC9 /* Debug */,
				6E3C555D1EA032DD008F9AC9 /* Release */,
			);
			defaultConfigurationIsVisible = 0;
			defaultConfigurationName = Release;
		};
/* End XCConfigurationList section */
	};
	rootObject = 6E3C55411EA032DD008F9AC9 /* Project object */;
}
