// !$*UTF8*$!
{
	archiveVersion = 1;
	classes = {
	};
	objectVersion = 46;
	objects = {

/* Begin PBXBuildFile section */
		22297D6A1CBA8EA800BF5B41 /* FloatLabelTextField.swift in Sources */ = {isa = PBXBuildFile; fileRef = 22297D681CBA8EA800BF5B41 /* FloatLabelTextField.swift */; };
		22297D6B1CBA8EA800BF5B41 /* FloatLabelTextView.swift in Sources */ = {isa = PBXBuildFile; fileRef = 22297D691CBA8EA800BF5B41 /* FloatLabelTextView.swift */; };
		22297D6F1CBA911F00BF5B41 /* EditDetailsViewController.swift in Sources */ = {isa = PBXBuildFile; fileRef = 22297D6E1CBA911F00BF5B41 /* EditDetailsViewController.swift */; };
		223884211C8252D900A96752 /* AppDelegate.swift in Sources */ = {isa = PBXBuildFile; fileRef = 223884201C8252D900A96752 /* AppDelegate.swift */; };
		223884231C8252D900A96752 /* ScholarsViewController.swift in Sources */ = {isa = PBXBuildFile; fileRef = 223884221C8252D900A96752 /* ScholarsViewController.swift */; };
		2238842B1C8252D900A96752 /* LaunchScreen.storyboard in Resources */ = {isa = PBXBuildFile; fileRef = 223884291C8252D900A96752 /* LaunchScreen.storyboard */; };
		223F5E931CB9436200E582C5 /* Style.swift in Sources */ = {isa = PBXBuildFile; fileRef = 223F5E921CB9436200E582C5 /* Style.swift */; };
		223F5E971CB95C3C00E582C5 /* ScholarsTabBarViewController.swift in Sources */ = {isa = PBXBuildFile; fileRef = 223F5E961CB95C3C00E582C5 /* ScholarsTabBarViewController.swift */; };
		223F5E9A1CB970EC00E582C5 /* AVFoundation.framework in Frameworks */ = {isa = PBXBuildFile; fileRef = 223F5E991CB970EC00E582C5 /* AVFoundation.framework */; };
		223F5E9B1CB9724000E582C5 /* tabBarDidSelectItem.m4a in Resources */ = {isa = PBXBuildFile; fileRef = 223F5E981CB9709600E582C5 /* tabBarDidSelectItem.m4a */; };
		22543B1F1CB70182003F9422 /* BlogViewController.swift in Sources */ = {isa = PBXBuildFile; fileRef = 22543B1E1CB70182003F9422 /* BlogViewController.swift */; };
		22543B211CB7019A003F9422 /* AlumniViewController.swift in Sources */ = {isa = PBXBuildFile; fileRef = 22543B201CB7019A003F9422 /* AlumniViewController.swift */; };
		6EB723CF1CB9B83B005A076F /* Main.storyboard in Resources */ = {isa = PBXBuildFile; fileRef = 6EB723CE1CB9B83B005A076F /* Main.storyboard */; };
		6EB723D41CB9B84D005A076F /* Credit.swift in Sources */ = {isa = PBXBuildFile; fileRef = 6EB723D01CB9B84D005A076F /* Credit.swift */; };
		6EB723D51CB9B84D005A076F /* Credits.plist in Resources */ = {isa = PBXBuildFile; fileRef = 6EB723D11CB9B84D005A076F /* Credits.plist */; };
		6EB723D61CB9B84D005A076F /* CreditsViewController.swift in Sources */ = {isa = PBXBuildFile; fileRef = 6EB723D21CB9B84D005A076F /* CreditsViewController.swift */; };
		6EB723D71CB9B84D005A076F /* CreditTableViewCell.swift in Sources */ = {isa = PBXBuildFile; fileRef = 6EB723D31CB9B84D005A076F /* CreditTableViewCell.swift */; };
		6EB723D91CB9B85B005A076F /* Assets.xcassets in Resources */ = {isa = PBXBuildFile; fileRef = 6EB723D81CB9B85B005A076F /* Assets.xcassets */; };
		7B2AA6E01CBAE7530025EC7B /* WWDCScholarsTests.swift in Sources */ = {isa = PBXBuildFile; fileRef = 7B2AA6DF1CBAE7530025EC7B /* WWDCScholarsTests.swift */; };
		7B2AA6EE1CBAE75B0025EC7B /* WWDCScholarsUITests.swift in Sources */ = {isa = PBXBuildFile; fileRef = 7B2AA6ED1CBAE75B0025EC7B /* WWDCScholarsUITests.swift */; };
		7BBA87641CBB7F3A0057E9AD /* Fabric.framework in Frameworks */ = {isa = PBXBuildFile; fileRef = 7BBA87621CBB7F3A0057E9AD /* Fabric.framework */; };
		7BBA87651CBB7F3A0057E9AD /* Crashlytics.framework in Frameworks */ = {isa = PBXBuildFile; fileRef = 7BBA87631CBB7F3A0057E9AD /* Crashlytics.framework */; };
/* End PBXBuildFile section */

/* Begin PBXContainerItemProxy section */
		7B2AA6E21CBAE7530025EC7B /* PBXContainerItemProxy */ = {
			isa = PBXContainerItemProxy;
			containerPortal = 223884151C8252D900A96752 /* Project object */;
			proxyType = 1;
			remoteGlobalIDString = 2238841C1C8252D900A96752;
			remoteInfo = WWDCScholars;
		};
		7B2AA6F01CBAE75B0025EC7B /* PBXContainerItemProxy */ = {
			isa = PBXContainerItemProxy;
			containerPortal = 223884151C8252D900A96752 /* Project object */;
			proxyType = 1;
			remoteGlobalIDString = 2238841C1C8252D900A96752;
			remoteInfo = WWDCScholars;
		};
/* End PBXContainerItemProxy section */

/* Begin PBXFileReference section */
		22297D681CBA8EA800BF5B41 /* FloatLabelTextField.swift */ = {isa = PBXFileReference; fileEncoding = 4; lastKnownFileType = sourcecode.swift; path = FloatLabelTextField.swift; sourceTree = "<group>"; };
		22297D691CBA8EA800BF5B41 /* FloatLabelTextView.swift */ = {isa = PBXFileReference; fileEncoding = 4; lastKnownFileType = sourcecode.swift; path = FloatLabelTextView.swift; sourceTree = "<group>"; };
		22297D6E1CBA911F00BF5B41 /* EditDetailsViewController.swift */ = {isa = PBXFileReference; fileEncoding = 4; lastKnownFileType = sourcecode.swift; path = EditDetailsViewController.swift; sourceTree = "<group>"; };
		2238841D1C8252D900A96752 /* WWDCScholars.app */ = {isa = PBXFileReference; explicitFileType = wrapper.application; includeInIndex = 0; path = WWDCScholars.app; sourceTree = BUILT_PRODUCTS_DIR; };
		223884201C8252D900A96752 /* AppDelegate.swift */ = {isa = PBXFileReference; lastKnownFileType = sourcecode.swift; path = AppDelegate.swift; sourceTree = "<group>"; };
		223884221C8252D900A96752 /* ScholarsViewController.swift */ = {isa = PBXFileReference; lastKnownFileType = sourcecode.swift; path = ScholarsViewController.swift; sourceTree = "<group>"; };
		2238842A1C8252D900A96752 /* Base */ = {isa = PBXFileReference; lastKnownFileType = file.storyboard; name = Base; path = Base.lproj/LaunchScreen.storyboard; sourceTree = "<group>"; };
		2238842C1C8252D900A96752 /* Info.plist */ = {isa = PBXFileReference; lastKnownFileType = text.plist.xml; path = Info.plist; sourceTree = "<group>"; };
		223F5E921CB9436200E582C5 /* Style.swift */ = {isa = PBXFileReference; fileEncoding = 4; lastKnownFileType = sourcecode.swift; path = Style.swift; sourceTree = "<group>"; };
		223F5E961CB95C3C00E582C5 /* ScholarsTabBarViewController.swift */ = {isa = PBXFileReference; fileEncoding = 4; lastKnownFileType = sourcecode.swift; path = ScholarsTabBarViewController.swift; sourceTree = "<group>"; };
		223F5E981CB9709600E582C5 /* tabBarDidSelectItem.m4a */ = {isa = PBXFileReference; lastKnownFileType = file; path = tabBarDidSelectItem.m4a; sourceTree = "<group>"; };
		223F5E991CB970EC00E582C5 /* AVFoundation.framework */ = {isa = PBXFileReference; lastKnownFileType = wrapper.framework; name = AVFoundation.framework; path = System/Library/Frameworks/AVFoundation.framework; sourceTree = SDKROOT; };
		22543B1E1CB70182003F9422 /* BlogViewController.swift */ = {isa = PBXFileReference; fileEncoding = 4; lastKnownFileType = sourcecode.swift; path = BlogViewController.swift; sourceTree = "<group>"; };
		22543B201CB7019A003F9422 /* AlumniViewController.swift */ = {isa = PBXFileReference; fileEncoding = 4; lastKnownFileType = sourcecode.swift; path = AlumniViewController.swift; sourceTree = "<group>"; };
		6EB723CE1CB9B83B005A076F /* Main.storyboard */ = {isa = PBXFileReference; fileEncoding = 4; lastKnownFileType = file.storyboard; path = Main.storyboard; sourceTree = "<group>"; };
		6EB723D01CB9B84D005A076F /* Credit.swift */ = {isa = PBXFileReference; fileEncoding = 4; lastKnownFileType = sourcecode.swift; path = Credit.swift; sourceTree = "<group>"; };
		6EB723D11CB9B84D005A076F /* Credits.plist */ = {isa = PBXFileReference; fileEncoding = 4; lastKnownFileType = text.plist.xml; path = Credits.plist; sourceTree = "<group>"; };
		6EB723D21CB9B84D005A076F /* CreditsViewController.swift */ = {isa = PBXFileReference; fileEncoding = 4; lastKnownFileType = sourcecode.swift; path = CreditsViewController.swift; sourceTree = "<group>"; };
		6EB723D31CB9B84D005A076F /* CreditTableViewCell.swift */ = {isa = PBXFileReference; fileEncoding = 4; lastKnownFileType = sourcecode.swift; path = CreditTableViewCell.swift; sourceTree = "<group>"; };
		6EB723D81CB9B85B005A076F /* Assets.xcassets */ = {isa = PBXFileReference; lastKnownFileType = folder.assetcatalog; path = Assets.xcassets; sourceTree = "<group>"; };
		7B2AA6DD1CBAE7530025EC7B /* WWDCScholarsTests.xctest */ = {isa = PBXFileReference; explicitFileType = wrapper.cfbundle; includeInIndex = 0; path = WWDCScholarsTests.xctest; sourceTree = BUILT_PRODUCTS_DIR; };
		7B2AA6DF1CBAE7530025EC7B /* WWDCScholarsTests.swift */ = {isa = PBXFileReference; lastKnownFileType = sourcecode.swift; path = WWDCScholarsTests.swift; sourceTree = "<group>"; };
		7B2AA6E11CBAE7530025EC7B /* Info.plist */ = {isa = PBXFileReference; lastKnownFileType = text.plist.xml; path = Info.plist; sourceTree = "<group>"; };
		7B2AA6EB1CBAE75B0025EC7B /* WWDCScholarsUITests.xctest */ = {isa = PBXFileReference; explicitFileType = wrapper.cfbundle; includeInIndex = 0; path = WWDCScholarsUITests.xctest; sourceTree = BUILT_PRODUCTS_DIR; };
		7B2AA6ED1CBAE75B0025EC7B /* WWDCScholarsUITests.swift */ = {isa = PBXFileReference; lastKnownFileType = sourcecode.swift; path = WWDCScholarsUITests.swift; sourceTree = "<group>"; };
		7B2AA6EF1CBAE75B0025EC7B /* Info.plist */ = {isa = PBXFileReference; lastKnownFileType = text.plist.xml; path = Info.plist; sourceTree = "<group>"; };
		7BBA87621CBB7F3A0057E9AD /* Fabric.framework */ = {isa = PBXFileReference; lastKnownFileType = wrapper.framework; path = Fabric.framework; sourceTree = "<group>"; };
		7BBA87631CBB7F3A0057E9AD /* Crashlytics.framework */ = {isa = PBXFileReference; lastKnownFileType = wrapper.framework; path = Crashlytics.framework; sourceTree = "<group>"; };
/* End PBXFileReference section */

/* Begin PBXFrameworksBuildPhase section */
		2238841A1C8252D900A96752 /* Frameworks */ = {
			isa = PBXFrameworksBuildPhase;
			buildActionMask = 2147483647;
			files = (
				223F5E9A1CB970EC00E582C5 /* AVFoundation.framework in Frameworks */,
				7BBA87651CBB7F3A0057E9AD /* Crashlytics.framework in Frameworks */,
				7BBA87641CBB7F3A0057E9AD /* Fabric.framework in Frameworks */,
			);
			runOnlyForDeploymentPostprocessing = 0;
		};
		7B2AA6DA1CBAE7530025EC7B /* Frameworks */ = {
			isa = PBXFrameworksBuildPhase;
			buildActionMask = 2147483647;
			files = (
			);
			runOnlyForDeploymentPostprocessing = 0;
		};
		7B2AA6E81CBAE75B0025EC7B /* Frameworks */ = {
			isa = PBXFrameworksBuildPhase;
			buildActionMask = 2147483647;
			files = (
			);
			runOnlyForDeploymentPostprocessing = 0;
		};
/* End PBXFrameworksBuildPhase section */

/* Begin PBXGroup section */
		22297D631CBA8A2A00BF5B41 /* Edit Details */ = {
			isa = PBXGroup;
			children = (
				22297D681CBA8EA800BF5B41 /* FloatLabelTextField.swift */,
				22297D691CBA8EA800BF5B41 /* FloatLabelTextView.swift */,
				22297D6E1CBA911F00BF5B41 /* EditDetailsViewController.swift */,
			);
			name = "Edit Details";
			sourceTree = "<group>";
		};
		223884141C8252D900A96752 = {
			isa = PBXGroup;
			children = (
				223F5E991CB970EC00E582C5 /* AVFoundation.framework */,
				2238841F1C8252D900A96752 /* WWDCScholars */,
				7B2AA6DE1CBAE7530025EC7B /* WWDCScholarsTests */,
				7B2AA6EC1CBAE75B0025EC7B /* WWDCScholarsUITests */,
				2238841E1C8252D900A96752 /* Products */,
				7BBA87621CBB7F3A0057E9AD /* Fabric.framework */,
				7BBA87631CBB7F3A0057E9AD /* Crashlytics.framework */,
			);
			sourceTree = "<group>";
		};
		2238841E1C8252D900A96752 /* Products */ = {
			isa = PBXGroup;
			children = (
				2238841D1C8252D900A96752 /* WWDCScholars.app */,
				7B2AA6DD1CBAE7530025EC7B /* WWDCScholarsTests.xctest */,
				7B2AA6EB1CBAE75B0025EC7B /* WWDCScholarsUITests.xctest */,
			);
			name = Products;
			sourceTree = "<group>";
		};
		2238841F1C8252D900A96752 /* WWDCScholars */ = {
			isa = PBXGroup;
			children = (
				223F5E8F1CB942B000E582C5 /* General */,
				223F5E8B1CB9429200E582C5 /* Scholars */,
				223F5E8C1CB9429B00E582C5 /* Blog */,
				223F5E8D1CB942A100E582C5 /* Alumni */,
				223F5E8E1CB942A700E582C5 /* Credits */,
				22297D631CBA8A2A00BF5B41 /* Edit Details */,
			);
			path = WWDCScholars;
			sourceTree = "<group>";
		};
		223F5E8B1CB9429200E582C5 /* Scholars */ = {
			isa = PBXGroup;
			children = (
				223884221C8252D900A96752 /* ScholarsViewController.swift */,
			);
			name = Scholars;
			sourceTree = "<group>";
		};
		223F5E8C1CB9429B00E582C5 /* Blog */ = {
			isa = PBXGroup;
			children = (
				22543B1E1CB70182003F9422 /* BlogViewController.swift */,
			);
			name = Blog;
			sourceTree = "<group>";
		};
		223F5E8D1CB942A100E582C5 /* Alumni */ = {
			isa = PBXGroup;
			children = (
				22543B201CB7019A003F9422 /* AlumniViewController.swift */,
			);
			name = Alumni;
			sourceTree = "<group>";
		};
		223F5E8E1CB942A700E582C5 /* Credits */ = {
			isa = PBXGroup;
			children = (
				6EB723D01CB9B84D005A076F /* Credit.swift */,
				6EB723D11CB9B84D005A076F /* Credits.plist */,
				6EB723D21CB9B84D005A076F /* CreditsViewController.swift */,
				6EB723D31CB9B84D005A076F /* CreditTableViewCell.swift */,
			);
			name = Credits;
			sourceTree = "<group>";
		};
		223F5E8F1CB942B000E582C5 /* General */ = {
			isa = PBXGroup;
			children = (
				6EB723CE1CB9B83B005A076F /* Main.storyboard */,
				223884201C8252D900A96752 /* AppDelegate.swift */,
				223884291C8252D900A96752 /* LaunchScreen.storyboard */,
				6EB723D81CB9B85B005A076F /* Assets.xcassets */,
				2238842C1C8252D900A96752 /* Info.plist */,
				223F5E921CB9436200E582C5 /* Style.swift */,
				223F5E961CB95C3C00E582C5 /* ScholarsTabBarViewController.swift */,
				223F5E981CB9709600E582C5 /* tabBarDidSelectItem.m4a */,
			);
			name = General;
			sourceTree = "<group>";
		};
		7B2AA6DE1CBAE7530025EC7B /* WWDCScholarsTests */ = {
			isa = PBXGroup;
			children = (
				7B2AA6DF1CBAE7530025EC7B /* WWDCScholarsTests.swift */,
				7B2AA6E11CBAE7530025EC7B /* Info.plist */,
			);
			path = WWDCScholarsTests;
			sourceTree = "<group>";
		};
		7B2AA6EC1CBAE75B0025EC7B /* WWDCScholarsUITests */ = {
			isa = PBXGroup;
			children = (
				7B2AA6ED1CBAE75B0025EC7B /* WWDCScholarsUITests.swift */,
				7B2AA6EF1CBAE75B0025EC7B /* Info.plist */,
			);
			path = WWDCScholarsUITests;
			sourceTree = "<group>";
		};
/* End PBXGroup section */

/* Begin PBXNativeTarget section */
		2238841C1C8252D900A96752 /* WWDCScholars */ = {
			isa = PBXNativeTarget;
			buildConfigurationList = 2238842F1C8252D900A96752 /* Build configuration list for PBXNativeTarget "WWDCScholars" */;
			buildPhases = (
				223884191C8252D900A96752 /* Sources */,
				2238841A1C8252D900A96752 /* Frameworks */,
				2238841B1C8252D900A96752 /* Resources */,
				7BBA87611CBB7F210057E9AD /* ShellScript */,
			);
			buildRules = (
			);
			dependencies = (
			);
			name = WWDCScholars;
			productName = WWDCScholars;
			productReference = 2238841D1C8252D900A96752 /* WWDCScholars.app */;
			productType = "com.apple.product-type.application";
		};
		7B2AA6DC1CBAE7530025EC7B /* WWDCScholarsTests */ = {
			isa = PBXNativeTarget;
			buildConfigurationList = 7B2AA6E61CBAE7530025EC7B /* Build configuration list for PBXNativeTarget "WWDCScholarsTests" */;
			buildPhases = (
				7B2AA6D91CBAE7530025EC7B /* Sources */,
				7B2AA6DA1CBAE7530025EC7B /* Frameworks */,
				7B2AA6DB1CBAE7530025EC7B /* Resources */,
			);
			buildRules = (
			);
			dependencies = (
				7B2AA6E31CBAE7530025EC7B /* PBXTargetDependency */,
			);
			name = WWDCScholarsTests;
			productName = WWDCScholarsTests;
			productReference = 7B2AA6DD1CBAE7530025EC7B /* WWDCScholarsTests.xctest */;
			productType = "com.apple.product-type.bundle.unit-test";
		};
		7B2AA6EA1CBAE75B0025EC7B /* WWDCScholarsUITests */ = {
			isa = PBXNativeTarget;
			buildConfigurationList = 7B2AA6F21CBAE75B0025EC7B /* Build configuration list for PBXNativeTarget "WWDCScholarsUITests" */;
			buildPhases = (
				7B2AA6E71CBAE75B0025EC7B /* Sources */,
				7B2AA6E81CBAE75B0025EC7B /* Frameworks */,
				7B2AA6E91CBAE75B0025EC7B /* Resources */,
			);
			buildRules = (
			);
			dependencies = (
				7B2AA6F11CBAE75B0025EC7B /* PBXTargetDependency */,
			);
			name = WWDCScholarsUITests;
			productName = WWDCScholarsUITests;
			productReference = 7B2AA6EB1CBAE75B0025EC7B /* WWDCScholarsUITests.xctest */;
			productType = "com.apple.product-type.bundle.ui-testing";
		};
/* End PBXNativeTarget section */

/* Begin PBXProject section */
		223884151C8252D900A96752 /* Project object */ = {
			isa = PBXProject;
			attributes = {
				LastSwiftUpdateCheck = 0730;
				LastUpgradeCheck = 0720;
				ORGANIZATIONNAME = WWDCScholars;
				TargetAttributes = {
					2238841C1C8252D900A96752 = {
						CreatedOnToolsVersion = 7.2.1;
					};
					7B2AA6DC1CBAE7530025EC7B = {
						CreatedOnToolsVersion = 7.3;
						TestTargetID = 2238841C1C8252D900A96752;
					};
					7B2AA6EA1CBAE75B0025EC7B = {
						CreatedOnToolsVersion = 7.3;
						TestTargetID = 2238841C1C8252D900A96752;
					};
				};
			};
			buildConfigurationList = 223884181C8252D900A96752 /* Build configuration list for PBXProject "WWDCScholars" */;
			compatibilityVersion = "Xcode 3.2";
			developmentRegion = English;
			hasScannedForEncodings = 0;
			knownRegions = (
				en,
				Base,
			);
			mainGroup = 223884141C8252D900A96752;
			productRefGroup = 2238841E1C8252D900A96752 /* Products */;
			projectDirPath = "";
			projectRoot = "";
			targets = (
				2238841C1C8252D900A96752 /* WWDCScholars */,
				7B2AA6DC1CBAE7530025EC7B /* WWDCScholarsTests */,
				7B2AA6EA1CBAE75B0025EC7B /* WWDCScholarsUITests */,
			);
		};
/* End PBXProject section */

/* Begin PBXResourcesBuildPhase section */
		2238841B1C8252D900A96752 /* Resources */ = {
			isa = PBXResourcesBuildPhase;
			buildActionMask = 2147483647;
			files = (
				2238842B1C8252D900A96752 /* LaunchScreen.storyboard in Resources */,
				223F5E9B1CB9724000E582C5 /* tabBarDidSelectItem.m4a in Resources */,
				6EB723D51CB9B84D005A076F /* Credits.plist in Resources */,
				6EB723CF1CB9B83B005A076F /* Main.storyboard in Resources */,
				6EB723D91CB9B85B005A076F /* Assets.xcassets in Resources */,
			);
			runOnlyForDeploymentPostprocessing = 0;
		};
		7B2AA6DB1CBAE7530025EC7B /* Resources */ = {
			isa = PBXResourcesBuildPhase;
			buildActionMask = 2147483647;
			files = (
			);
			runOnlyForDeploymentPostprocessing = 0;
		};
		7B2AA6E91CBAE75B0025EC7B /* Resources */ = {
			isa = PBXResourcesBuildPhase;
			buildActionMask = 2147483647;
			files = (
			);
			runOnlyForDeploymentPostprocessing = 0;
		};
/* End PBXResourcesBuildPhase section */

/* Begin PBXShellScriptBuildPhase section */
		7BBA87611CBB7F210057E9AD /* ShellScript */ = {
			isa = PBXShellScriptBuildPhase;
			buildActionMask = 2147483647;
			files = (
			);
			inputPaths = (
			);
			outputPaths = (
			);
			runOnlyForDeploymentPostprocessing = 0;
			shellPath = /bin/sh;
			shellScript = "./Fabric.framework/run d870990c31d5e6607e80fc418397610c59340eec e90d6681747a8d65aebd5a8df4fd264459fbd5e3d9d33deee5deb3c49f3f9b2f";
		};
/* End PBXShellScriptBuildPhase section */

/* Begin PBXSourcesBuildPhase section */
		223884191C8252D900A96752 /* Sources */ = {
			isa = PBXSourcesBuildPhase;
			buildActionMask = 2147483647;
			files = (
				223884231C8252D900A96752 /* ScholarsViewController.swift in Sources */,
				223884211C8252D900A96752 /* AppDelegate.swift in Sources */,
				22543B211CB7019A003F9422 /* AlumniViewController.swift in Sources */,
				6EB723D61CB9B84D005A076F /* CreditsViewController.swift in Sources */,
				223F5E971CB95C3C00E582C5 /* ScholarsTabBarViewController.swift in Sources */,
				22297D6F1CBA911F00BF5B41 /* EditDetailsViewController.swift in Sources */,
				6EB723D41CB9B84D005A076F /* Credit.swift in Sources */,
				22543B1F1CB70182003F9422 /* BlogViewController.swift in Sources */,
				223F5E931CB9436200E582C5 /* Style.swift in Sources */,
				22297D6B1CBA8EA800BF5B41 /* FloatLabelTextView.swift in Sources */,
				22297D6A1CBA8EA800BF5B41 /* FloatLabelTextField.swift in Sources */,
				6EB723D71CB9B84D005A076F /* CreditTableViewCell.swift in Sources */,
			);
			runOnlyForDeploymentPostprocessing = 0;
		};
		7B2AA6D91CBAE7530025EC7B /* Sources */ = {
			isa = PBXSourcesBuildPhase;
			buildActionMask = 2147483647;
			files = (
				7B2AA6E01CBAE7530025EC7B /* WWDCScholarsTests.swift in Sources */,
			);
			runOnlyForDeploymentPostprocessing = 0;
		};
		7B2AA6E71CBAE75B0025EC7B /* Sources */ = {
			isa = PBXSourcesBuildPhase;
			buildActionMask = 2147483647;
			files = (
				7B2AA6EE1CBAE75B0025EC7B /* WWDCScholarsUITests.swift in Sources */,
			);
			runOnlyForDeploymentPostprocessing = 0;
		};
/* End PBXSourcesBuildPhase section */

/* Begin PBXTargetDependency section */
		7B2AA6E31CBAE7530025EC7B /* PBXTargetDependency */ = {
			isa = PBXTargetDependency;
			target = 2238841C1C8252D900A96752 /* WWDCScholars */;
			targetProxy = 7B2AA6E21CBAE7530025EC7B /* PBXContainerItemProxy */;
		};
		7B2AA6F11CBAE75B0025EC7B /* PBXTargetDependency */ = {
			isa = PBXTargetDependency;
			target = 2238841C1C8252D900A96752 /* WWDCScholars */;
			targetProxy = 7B2AA6F01CBAE75B0025EC7B /* PBXContainerItemProxy */;
		};
/* End PBXTargetDependency section */

/* Begin PBXVariantGroup section */
		223884291C8252D900A96752 /* LaunchScreen.storyboard */ = {
			isa = PBXVariantGroup;
			children = (
				2238842A1C8252D900A96752 /* Base */,
			);
			name = LaunchScreen.storyboard;
			sourceTree = "<group>";
		};
/* End PBXVariantGroup section */

/* Begin XCBuildConfiguration section */
		2238842D1C8252D900A96752 /* Debug */ = {
			isa = XCBuildConfiguration;
			buildSettings = {
				ALWAYS_SEARCH_USER_PATHS = NO;
				CLANG_CXX_LANGUAGE_STANDARD = "gnu++0x";
				CLANG_CXX_LIBRARY = "libc++";
				CLANG_ENABLE_MODULES = YES;
				CLANG_ENABLE_OBJC_ARC = YES;
				CLANG_WARN_BOOL_CONVERSION = YES;
				CLANG_WARN_CONSTANT_CONVERSION = YES;
				CLANG_WARN_DIRECT_OBJC_ISA_USAGE = YES_ERROR;
				CLANG_WARN_EMPTY_BODY = YES;
				CLANG_WARN_ENUM_CONVERSION = YES;
				CLANG_WARN_INT_CONVERSION = YES;
				CLANG_WARN_OBJC_ROOT_CLASS = YES_ERROR;
				CLANG_WARN_UNREACHABLE_CODE = YES;
				CLANG_WARN__DUPLICATE_METHOD_MATCH = YES;
				CODE_SIGN_IDENTITY = "iPhone Developer";
				"CODE_SIGN_IDENTITY[sdk=iphoneos*]" = "iPhone Developer";
				COPY_PHASE_STRIP = NO;
				DEBUG_INFORMATION_FORMAT = dwarf;
				ENABLE_STRICT_OBJC_MSGSEND = YES;
				ENABLE_TESTABILITY = YES;
				GCC_C_LANGUAGE_STANDARD = gnu99;
				GCC_DYNAMIC_NO_PIC = NO;
				GCC_NO_COMMON_BLOCKS = YES;
				GCC_OPTIMIZATION_LEVEL = 0;
				GCC_PREPROCESSOR_DEFINITIONS = (
					"DEBUG=1",
					"$(inherited)",
				);
				GCC_WARN_64_TO_32_BIT_CONVERSION = YES;
				GCC_WARN_ABOUT_RETURN_TYPE = YES_ERROR;
				GCC_WARN_UNDECLARED_SELECTOR = YES;
				GCC_WARN_UNINITIALIZED_AUTOS = YES_AGGRESSIVE;
				GCC_WARN_UNUSED_FUNCTION = YES;
				GCC_WARN_UNUSED_VARIABLE = YES;
				IPHONEOS_DEPLOYMENT_TARGET = 8.0;
				MTL_ENABLE_DEBUG_INFO = YES;
				ONLY_ACTIVE_ARCH = YES;
				SDKROOT = iphoneos;
				SWIFT_OPTIMIZATION_LEVEL = "-Onone";
				TARGETED_DEVICE_FAMILY = "1,2";
			};
			name = Debug;
		};
		2238842E1C8252D900A96752 /* Release */ = {
			isa = XCBuildConfiguration;
			buildSettings = {
				ALWAYS_SEARCH_USER_PATHS = NO;
				CLANG_CXX_LANGUAGE_STANDARD = "gnu++0x";
				CLANG_CXX_LIBRARY = "libc++";
				CLANG_ENABLE_MODULES = YES;
				CLANG_ENABLE_OBJC_ARC = YES;
				CLANG_WARN_BOOL_CONVERSION = YES;
				CLANG_WARN_CONSTANT_CONVERSION = YES;
				CLANG_WARN_DIRECT_OBJC_ISA_USAGE = YES_ERROR;
				CLANG_WARN_EMPTY_BODY = YES;
				CLANG_WARN_ENUM_CONVERSION = YES;
				CLANG_WARN_INT_CONVERSION = YES;
				CLANG_WARN_OBJC_ROOT_CLASS = YES_ERROR;
				CLANG_WARN_UNREACHABLE_CODE = YES;
				CLANG_WARN__DUPLICATE_METHOD_MATCH = YES;
				CODE_SIGN_IDENTITY = "iPhone Developer";
				"CODE_SIGN_IDENTITY[sdk=iphoneos*]" = "iPhone Developer";
				COPY_PHASE_STRIP = NO;
				DEBUG_INFORMATION_FORMAT = "dwarf-with-dsym";
				ENABLE_NS_ASSERTIONS = NO;
				ENABLE_STRICT_OBJC_MSGSEND = YES;
				GCC_C_LANGUAGE_STANDARD = gnu99;
				GCC_NO_COMMON_BLOCKS = YES;
				GCC_WARN_64_TO_32_BIT_CONVERSION = YES;
				GCC_WARN_ABOUT_RETURN_TYPE = YES_ERROR;
				GCC_WARN_UNDECLARED_SELECTOR = YES;
				GCC_WARN_UNINITIALIZED_AUTOS = YES_AGGRESSIVE;
				GCC_WARN_UNUSED_FUNCTION = YES;
				GCC_WARN_UNUSED_VARIABLE = YES;
				IPHONEOS_DEPLOYMENT_TARGET = 8.0;
				MTL_ENABLE_DEBUG_INFO = NO;
				SDKROOT = iphoneos;
				TARGETED_DEVICE_FAMILY = "1,2";
				VALIDATE_PRODUCT = YES;
			};
			name = Release;
		};
		223884301C8252D900A96752 /* Debug */ = {
			isa = XCBuildConfiguration;
			buildSettings = {
				ASSETCATALOG_COMPILER_APPICON_NAME = AppIcon;
				CODE_SIGN_IDENTITY = "iPhone Developer";
				"CODE_SIGN_IDENTITY[sdk=iphoneos*]" = "iPhone Developer";
				CURRENT_PROJECT_VERSION = 10;
				FRAMEWORK_SEARCH_PATHS = (
					"$(inherited)",
					"$(PROJECT_DIR)",
				);
				INFOPLIST_FILE = WWDCScholars/Info.plist;
				IPHONEOS_DEPLOYMENT_TARGET = 9.0;
				LD_RUNPATH_SEARCH_PATHS = "$(inherited) @executable_path/Frameworks";
				PRODUCT_BUNDLE_IDENTIFIER = "com.wwdcscholars.WWDC-Scholars-2015";
				PRODUCT_NAME = "$(TARGET_NAME)";
				PROVISIONING_PROFILE = "sigh_com.wwdcscholars.WWDC-Scholars-2015_development";
			};
			name = Debug;
		};
		223884311C8252D900A96752 /* Release */ = {
			isa = XCBuildConfiguration;
			buildSettings = {
				ASSETCATALOG_COMPILER_APPICON_NAME = AppIcon;
				CODE_SIGN_IDENTITY = "iPhone Developer";
				"CODE_SIGN_IDENTITY[sdk=iphoneos*]" = "iPhone Developer";
				CURRENT_PROJECT_VERSION = 10;
				FRAMEWORK_SEARCH_PATHS = (
					"$(inherited)",
					"$(PROJECT_DIR)",
				);
				INFOPLIST_FILE = WWDCScholars/Info.plist;
				IPHONEOS_DEPLOYMENT_TARGET = 9.0;
				LD_RUNPATH_SEARCH_PATHS = "$(inherited) @executable_path/Frameworks";
				PRODUCT_BUNDLE_IDENTIFIER = "com.wwdcscholars.WWDC-Scholars-2015";
				PRODUCT_NAME = "$(TARGET_NAME)";
				PROVISIONING_PROFILE = "sigh_com.wwdcscholars.WWDC-Scholars-2015_app-store";
			};
			name = Release;
		};
		7B2AA6E41CBAE7530025EC7B /* Debug */ = {
			isa = XCBuildConfiguration;
			buildSettings = {
				BUNDLE_LOADER = "$(TEST_HOST)";
				CLANG_ANALYZER_NONNULL = YES;
				INFOPLIST_FILE = WWDCScholarsTests/Info.plist;
				IPHONEOS_DEPLOYMENT_TARGET = 9.3;
				LD_RUNPATH_SEARCH_PATHS = "$(inherited) @executable_path/Frameworks @loader_path/Frameworks";
				PRODUCT_BUNDLE_IDENTIFIER = com.wwdcscholars.WWDCScholarsTests;
				PRODUCT_NAME = "$(TARGET_NAME)";
				TEST_HOST = "$(BUILT_PRODUCTS_DIR)/WWDCScholars.app/WWDCScholars";
			};
			name = Debug;
		};
		7B2AA6E51CBAE7530025EC7B /* Release */ = {
			isa = XCBuildConfiguration;
			buildSettings = {
				BUNDLE_LOADER = "$(TEST_HOST)";
				CLANG_ANALYZER_NONNULL = YES;
				INFOPLIST_FILE = WWDCScholarsTests/Info.plist;
				IPHONEOS_DEPLOYMENT_TARGET = 9.3;
				LD_RUNPATH_SEARCH_PATHS = "$(inherited) @executable_path/Frameworks @loader_path/Frameworks";
				PRODUCT_BUNDLE_IDENTIFIER = com.wwdcscholars.WWDCScholarsTests;
				PRODUCT_NAME = "$(TARGET_NAME)";
				TEST_HOST = "$(BUILT_PRODUCTS_DIR)/WWDCScholars.app/WWDCScholars";
			};
			name = Release;
		};
		7B2AA6F31CBAE75B0025EC7B /* Debug */ = {
			isa = XCBuildConfiguration;
			buildSettings = {
				CLANG_ANALYZER_NONNULL = YES;
				INFOPLIST_FILE = WWDCScholarsUITests/Info.plist;
				IPHONEOS_DEPLOYMENT_TARGET = 9.3;
				LD_RUNPATH_SEARCH_PATHS = "$(inherited) @executable_path/Frameworks @loader_path/Frameworks";
				PRODUCT_BUNDLE_IDENTIFIER = com.wwdcscholars.WWDCScholarsUITests;
				PRODUCT_NAME = "$(TARGET_NAME)";
				PROVISIONING_PROFILE = "$(sigh_<bundle_identifier>_<profile_type>)";
				TEST_TARGET_NAME = WWDCScholars;
			};
			name = Debug;
		};
		7B2AA6F41CBAE75B0025EC7B /* Release */ = {
			isa = XCBuildConfiguration;
			buildSettings = {
				CLANG_ANALYZER_NONNULL = YES;
				INFOPLIST_FILE = WWDCScholarsUITests/Info.plist;
				IPHONEOS_DEPLOYMENT_TARGET = 9.3;
				LD_RUNPATH_SEARCH_PATHS = "$(inherited) @executable_path/Frameworks @loader_path/Frameworks";
				PRODUCT_BUNDLE_IDENTIFIER = com.wwdcscholars.WWDCScholarsUITests;
				PRODUCT_NAME = "$(TARGET_NAME)";
				TEST_TARGET_NAME = WWDCScholars;
			};
			name = Release;
		};
/* End XCBuildConfiguration section */

/* Begin XCConfigurationList section */
		223884181C8252D900A96752 /* Build configuration list for PBXProject "WWDCScholars" */ = {
			isa = XCConfigurationList;
			buildConfigurations = (
				2238842D1C8252D900A96752 /* Debug */,
				2238842E1C8252D900A96752 /* Release */,
			);
			defaultConfigurationIsVisible = 0;
			defaultConfigurationName = Release;
		};
		2238842F1C8252D900A96752 /* Build configuration list for PBXNativeTarget "WWDCScholars" */ = {
			isa = XCConfigurationList;
			buildConfigurations = (
				223884301C8252D900A96752 /* Debug */,
				223884311C8252D900A96752 /* Release */,
			);
			defaultConfigurationIsVisible = 0;
			defaultConfigurationName = Release;
		};
		7B2AA6E61CBAE7530025EC7B /* Build configuration list for PBXNativeTarget "WWDCScholarsTests" */ = {
			isa = XCConfigurationList;
			buildConfigurations = (
				7B2AA6E41CBAE7530025EC7B /* Debug */,
				7B2AA6E51CBAE7530025EC7B /* Release */,
			);
			defaultConfigurationIsVisible = 0;
			defaultConfigurationName = Release;
		};
		7B2AA6F21CBAE75B0025EC7B /* Build configuration list for PBXNativeTarget "WWDCScholarsUITests" */ = {
			isa = XCConfigurationList;
			buildConfigurations = (
				7B2AA6F31CBAE75B0025EC7B /* Debug */,
				7B2AA6F41CBAE75B0025EC7B /* Release */,
			);
			defaultConfigurationIsVisible = 0;
			defaultConfigurationName = Release;
		};
/* End XCConfigurationList section */
	};
	rootObject = 223884151C8252D900A96752 /* Project object */;
}
